<?xml version="1.0" encoding="utf-8"?>
<Project ToolsVersion="4.0" xmlns="http://schemas.microsoft.com/developer/msbuild/2003">
  <ItemGroup>
    <Filter Include="Source Files">
      <UniqueIdentifier>{4FC737F1-C7A5-4376-A066-2A32D752A2FF}</UniqueIdentifier>
      <Extensions>cpp;c;cxx;def;odl;idl;hpj;bat;asm;asmx</Extensions>
    </Filter>
    <Filter Include="Header Files">
      <UniqueIdentifier>{93995380-89BD-4b04-88EB-625FBE52EBFB}</UniqueIdentifier>
      <Extensions>h;hpp;hxx;hm;inl;inc;xsd</Extensions>
    </Filter>
    <Filter Include="controls">
      <UniqueIdentifier>{444e129e-5da6-4672-a0e3-9942f61c563b}</UniqueIdentifier>
    </Filter>
  </ItemGroup>
  <ItemGroup>
    <ClCompile Include="ConversationScreen.cpp">
      <Filter>Source Files</Filter>
    </ClCompile>
    <ClCompile Include="CreateCharacterScreen.cpp">
      <Filter>Source Files</Filter>
    </ClCompile>
    <ClCompile Include="CutsceneViewScreen.cpp">
      <Filter>Source Files</Filter>
    </ClCompile>
    <ClCompile Include="SaveGameScreen.cpp">
      <Filter>Source Files</Filter>
    </ClCompile>
    <ClCompile Include="StartMenuScreen.cpp">
      <Filter>Source Files</Filter>
    </ClCompile>
    <ClCompile Include="StartSplashScreen.cpp">
      <Filter>Source Files</Filter>
    </ClCompile>
    <ClCompile Include="UwadvMenuScreen.cpp">
      <Filter>Source Files</Filter>
    </ClCompile>
    <ClCompile Include="MapViewScreen.cpp">
      <Filter>Source Files</Filter>
    </ClCompile>
    <ClCompile Include="OriginalIngameScreen.cpp">
      <Filter>Source Files</Filter>
    </ClCompile>
    <ClCompile Include="AcknowledgementsScreen.cpp">
      <Filter>Source Files</Filter>
    </ClCompile>
    <ClCompile Include="Panel.cpp">
      <Filter>Source Files</Filter>
    </ClCompile>
    <ClCompile Include="pch.cpp">
      <Filter>Source Files</Filter>
    </ClCompile>
    <ClCompile Include="controls\IngameFlask.cpp">
      <Filter>controls</Filter>
    </ClCompile>
    <ClCompile Include="controls\OriginalIngameControl.cpp">
      <Filter>controls</Filter>
    </ClCompile>
    <ClCompile Include="controls\IngameCompass.cpp">
      <Filter>controls</Filter>
    </ClCompile>
    <ClCompile Include="controls\IngameRuneshelf.cpp">
      <Filter>controls</Filter>
    </ClCompile>
    <ClCompile Include="controls\IngameSpellArea.cpp">
      <Filter>controls</Filter>
    </ClCompile>
    <ClCompile Include="controls\IngameGargoyleEyes.cpp">
      <Filter>controls</Filter>
    </ClCompile>
    <ClCompile Include="controls\IngameDragon.cpp">
      <Filter>controls</Filter>
    </ClCompile>
    <ClCompile Include="controls\Ingame3DView.cpp">
      <Filter>controls</Filter>
    </ClCompile>
    <ClCompile Include="controls\IngamePowerGem.cpp">
      <Filter>controls</Filter>
    </ClCompile>
    <ClCompile Include="controls\IngameMoveArrows.cpp">
      <Filter>controls</Filter>
    </ClCompile>
    <ClCompile Include="controls\IngameCommandButtons.cpp">
      <Filter>controls</Filter>
    </ClCompile>
  </ItemGroup>
  <ItemGroup>
    <ClInclude Include="ConversationScreen.hpp">
      <Filter>Header Files</Filter>
    </ClInclude>
    <ClInclude Include="AcknowledgementsScreen.hpp">
      <Filter>Header Files</Filter>
    </ClInclude>
    <ClInclude Include="CreateCharacterScreen.hpp">
      <Filter>Header Files</Filter>
    </ClInclude>
    <ClInclude Include="CutsceneViewScreen.hpp">
      <Filter>Header Files</Filter>
    </ClInclude>
    <ClInclude Include="SaveGameScreen.hpp">
      <Filter>Header Files</Filter>
    </ClInclude>
    <ClInclude Include="StartMenuScreen.hpp">
      <Filter>Header Files</Filter>
    </ClInclude>
    <ClInclude Include="StartSplashScreen.hpp">
      <Filter>Header Files</Filter>
    </ClInclude>
    <ClInclude Include="UwadvMenuScreen.hpp">
      <Filter>Header Files</Filter>
    </ClInclude>
    <ClInclude Include="MapViewScreen.hpp">
      <Filter>Header Files</Filter>
    </ClInclude>
    <ClInclude Include="OriginalIngameScreen.hpp">
      <Filter>Header Files</Filter>
    </ClInclude>
    <ClInclude Include="IngameControls.hpp">
      <Filter>Header Files</Filter>
    </ClInclude>
    <ClInclude Include="Panel.hpp">
      <Filter>Header Files</Filter>
    </ClInclude>
    <ClInclude Include="pch.hpp">
      <Filter>Header Files</Filter>
    </ClInclude>
    <ClInclude Include="controls\IngameFlask.hpp">
      <Filter>controls</Filter>
    </ClInclude>
    <ClInclude Include="controls\OriginalIngameControl.hpp">
      <Filter>controls</Filter>
    </ClInclude>
    <ClInclude Include="controls\IngameCompass.hpp">
      <Filter>controls</Filter>
    </ClInclude>
    <ClInclude Include="controls\IngameRuneshelf.hpp">
      <Filter>controls</Filter>
    </ClInclude>
    <ClInclude Include="controls\IngameSpellArea.hpp">
      <Filter>controls</Filter>
    </ClInclude>
    <ClInclude Include="controls\IngameGargoyleEyes.hpp">
      <Filter>controls</Filter>
    </ClInclude>
    <ClInclude Include="controls\IngameDragon.hpp">
      <Filter>controls</Filter>
    </ClInclude>
    <ClInclude Include="controls\Ingame3DView.hpp">
      <Filter>controls</Filter>
    </ClInclude>
    <ClInclude Include="controls\IngamePowerGem.hpp">
      <Filter>controls</Filter>
    </ClInclude>
    <ClInclude Include="controls\IngameMoveArrows.hpp">
      <Filter>controls</Filter>
    </ClInclude>
    <ClInclude Include="controls\IngameCommandButtons.hpp">
      <Filter>controls</Filter>
    </ClInclude>
  </ItemGroup>
</Project>