
Microsoft Visual Studio Solution File, Format Version 12.00
# Visual Studio 15
VisualStudioVersion = 15.0.28307.271
MinimumVisualStudioVersion = 10.0.40219.1
Project("{2150E333-8FDC-42A3-9474-1A3956D46DE8}") = "source", "source", "{F4E92C83-ECFD-4C0C-B40B-1136FE3B73ED}"
EndProject
Project("{2150E333-8FDC-42A3-9474-1A3956D46DE8}") = "hacking", "hacking", "{D099CDEB-6A21-4E5A-959B-2A3D39E2B6F0}"
EndProject
Project("{8BC9CEB8-8B4A-11D0-8D11-00A0C91BC942}") = "base", "source\base\base.vcxproj", "{E1210703-9ADB-4ED7-AE0C-B7E39A15E01F}"
EndProject
Project("{8BC9CEB8-8B4A-11D0-8D11-00A0C91BC942}") = "zziplib", "source\thirdparty\zziplib\zziplib.vcxproj", "{BD30CDD7-5A97-40E6-AE94-2C671363D03C}"
EndProject
Project("{8BC9CEB8-8B4A-11D0-8D11-00A0C91BC942}") = "import", "source\import\import.vcxproj", "{A974FDA8-7D50-4B04-892A-EDB00B68F7D6}"
EndProject
Project("{8BC9CEB8-8B4A-11D0-8D11-00A0C91BC942}") = "underw", "source\underw\underw.vcxproj", "{4CC50617-2229-460E-9A80-3C517A2D9090}"
EndProject
Project("{8BC9CEB8-8B4A-11D0-8D11-00A0C91BC942}") = "audio", "source\audio\audio.vcxproj", "{38A9E85A-3F97-4589-B801-DD7097FC14DA}"
EndProject
Project("{8BC9CEB8-8B4A-11D0-8D11-00A0C91BC942}") = "unittest", "source\unittest\unittest.vcxproj", "{AF97F28C-51B1-4E30-BDF1-165DCE67FE43}"
EndProject
Project("{8BC9CEB8-8B4A-11D0-8D11-00A0C91BC942}") = "luac", "source\thirdparty\lua\luac.vcxproj", "{B32FCCB5-C0F4-41D7-B9E2-DD7EDBE2230A}"
EndProject
Project("{8BC9CEB8-8B4A-11D0-8D11-00A0C91BC942}") = "conv", "source\conv\conv.vcxproj", "{0608D7A3-8A4E-4D83-A6B7-565ED44097CF}"
EndProject
Project("{8BC9CEB8-8B4A-11D0-8D11-00A0C91BC942}") = "script", "source\script\script.vcxproj", "{4548E978-A076-4BA2-88B3-A41F46E53B16}"
EndProject
Project("{8BC9CEB8-8B4A-11D0-8D11-00A0C91BC942}") = "renderer", "source\renderer\renderer.vcxproj", "{DB683B59-D89D-4074-80A1-AD9A71C16DFC}"
EndProject
Project("{8BC9CEB8-8B4A-11D0-8D11-00A0C91BC942}") = "screens", "source\screens\screens.vcxproj", "{C635F36D-9901-4BF4-A919-A600053C3A28}"
EndProject
Project("{8BC9CEB8-8B4A-11D0-8D11-00A0C91BC942}") = "ui", "source\ui\ui.vcxproj", "{D3B6F1DE-D52F-4E99-B6E7-7D5F255721F2}"
EndProject
Project("{2150E333-8FDC-42A3-9474-1A3956D46DE8}") = "tools", "tools", "{8AB01551-9ABA-4108-B761-BA600FFF704A}"
EndProject
Project("{8BC9CEB8-8B4A-11D0-8D11-00A0C91BC942}") = "uwdump", "source\tools\uwdump\uwdump.vcxproj", "{DF297B83-401B-452A-BE51-61357ECEC63A}"
EndProject
Project("{8BC9CEB8-8B4A-11D0-8D11-00A0C91BC942}") = "strpak", "source\tools\strpak\strpak.vcxproj", "{55D7C852-393E-4F7C-B8A5-072921A141C4}"
EndProject
Project("{8BC9CEB8-8B4A-11D0-8D11-00A0C91BC942}") = "uwadv", "source\uwadv\uwadv.vcxproj", "{253FDC75-1CE6-48EF-951A-C3FB7A1D9B69}"
	ProjectSection(ProjectDependencies) = postProject
		{D71D5409-E534-46C3-A7DF-41F92F8E254B} = {D71D5409-E534-46C3-A7DF-41F92F8E254B}
		{CD1023B7-2E03-48A9-81FA-0F6AB70DE9AE} = {CD1023B7-2E03-48A9-81FA-0F6AB70DE9AE}
	EndProjectSection
EndProject
Project("{2150E333-8FDC-42A3-9474-1A3956D46DE8}") = "thirdparty", "thirdparty", "{973B57CA-C119-411A-8994-16CD9FB18BBB}"
EndProject
Project("{8BC9CEB8-8B4A-11D0-8D11-00A0C91BC942}") = "lua", "source\thirdparty\lua\lua.vcxproj", "{6DF863DA-184B-4EA4-AC30-865E4CA87C39}"
EndProject
Project("{8BC9CEB8-8B4A-11D0-8D11-00A0C91BC942}") = "thirdparty", "source\thirdparty\thirdparty.vcxproj", "{CD1023B7-2E03-48A9-81FA-0F6AB70DE9AE}"
EndProject
Project("{2150E333-8FDC-42A3-9474-1A3956D46DE8}") = "docs", "docs", "{2DC9BCF9-45AB-470E-8D94-A2336A3BB735}"
	ProjectSection(SolutionItems) = preProject
		docs\uw-formats.txt = docs\uw-formats.txt
	EndProjectSection
EndProject
Project("{8BC9CEB8-8B4A-11D0-8D11-00A0C91BC942}") = "uaconfig", "source\win32\uaconfig\uaconfig.vcxproj", "{ECCDC58D-597D-4815-955E-F5E83A6CCA78}"
EndProject
Project("{8BC9CEB8-8B4A-11D0-8D11-00A0C91BC942}") = "hacking", "hacking\hacking.vcxproj", "{CD390093-B69C-44E5-8F23-0458F91ED5D7}"
EndProject
Project("{8BC9CEB8-8B4A-11D0-8D11-00A0C91BC942}") = "convdec", "source\tools\convdec\convdec.vcxproj", "{52EFCEBD-03BD-4590-987B-7A561CC8E6D5}"
EndProject
Project("{2150E333-8FDC-42A3-9474-1A3956D46DE8}") = "uadata", "uadata", "{58D0EC59-74E9-4E35-A8F1-9212EFCE9EA2}"
EndProject
Project("{8BC9CEB8-8B4A-11D0-8D11-00A0C91BC942}") = "uadata", "uadata\uadata.vcxproj", "{B025880D-30B9-404B-85EE-31A54F438036}"
	ProjectSection(ProjectDependencies) = postProject
		{B32FCCB5-C0F4-41D7-B9E2-DD7EDBE2230A} = {B32FCCB5-C0F4-41D7-B9E2-DD7EDBE2230A}
	EndProjectSection
EndProject
Project("{8BC9CEB8-8B4A-11D0-8D11-00A0C91BC942}") = "physics", "source\physics\physics.vcxproj", "{6917CDD3-2EEF-4B6D-9256-ED5B64391341}"
EndProject
Project("{8BC9CEB8-8B4A-11D0-8D11-00A0C91BC942}") = "xmi2mid", "source\tools\xmi2mid.vcxproj", "{3856EBDD-0022-496F-A8A2-75D82EEC2457}"
EndProject
Project("{8BC9CEB8-8B4A-11D0-8D11-00A0C91BC942}") = "uadebug", "source\win32\uadebug\uadebug.vcxproj", "{D71D5409-E534-46C3-A7DF-41F92F8E254B}"
EndProject
Project("{8BC9CEB8-8B4A-11D0-8D11-00A0C91BC942}") = "uastudio", "source\win32\uastudio\uastudio.vcxproj", "{CEDCD4DD-3CC4-4944-85EB-BB0601250BA0}"
EndProject
Global
	GlobalSection(SolutionConfigurationPlatforms) = preSolution
		Debug|Win32 = Debug|Win32
		Release|Win32 = Release|Win32
	EndGlobalSection
	GlobalSection(ProjectConfigurationPlatforms) = postSolution
		{E1210703-9ADB-4ED7-AE0C-B7E39A15E01F}.Debug|Win32.ActiveCfg = Debug|Win32
		{E1210703-9ADB-4ED7-AE0C-B7E39A15E01F}.Debug|Win32.Build.0 = Debug|Win32
		{E1210703-9ADB-4ED7-AE0C-B7E39A15E01F}.Release|Win32.ActiveCfg = Release|Win32
		{E1210703-9ADB-4ED7-AE0C-B7E39A15E01F}.Release|Win32.Build.0 = Release|Win32
		{BD30CDD7-5A97-40E6-AE94-2C671363D03C}.Debug|Win32.ActiveCfg = Debug|Win32
		{BD30CDD7-5A97-40E6-AE94-2C671363D03C}.Debug|Win32.Build.0 = Debug|Win32
		{BD30CDD7-5A97-40E6-AE94-2C671363D03C}.Release|Win32.ActiveCfg = Release|Win32
		{BD30CDD7-5A97-40E6-AE94-2C671363D03C}.Release|Win32.Build.0 = Release|Win32
		{A974FDA8-7D50-4B04-892A-EDB00B68F7D6}.Debug|Win32.ActiveCfg = Debug|Win32
		{A974FDA8-7D50-4B04-892A-EDB00B68F7D6}.Debug|Win32.Build.0 = Debug|Win32
		{A974FDA8-7D50-4B04-892A-EDB00B68F7D6}.Release|Win32.ActiveCfg = Release|Win32
		{A974FDA8-7D50-4B04-892A-EDB00B68F7D6}.Release|Win32.Build.0 = Release|Win32
		{4CC50617-2229-460E-9A80-3C517A2D9090}.Debug|Win32.ActiveCfg = Debug|Win32
		{4CC50617-2229-460E-9A80-3C517A2D9090}.Debug|Win32.Build.0 = Debug|Win32
		{4CC50617-2229-460E-9A80-3C517A2D9090}.Release|Win32.ActiveCfg = Release|Win32
		{4CC50617-2229-460E-9A80-3C517A2D9090}.Release|Win32.Build.0 = Release|Win32
		{38A9E85A-3F97-4589-B801-DD7097FC14DA}.Debug|Win32.ActiveCfg = Debug|Win32
		{38A9E85A-3F97-4589-B801-DD7097FC14DA}.Debug|Win32.Build.0 = Debug|Win32
		{38A9E85A-3F97-4589-B801-DD7097FC14DA}.Release|Win32.ActiveCfg = Release|Win32
		{38A9E85A-3F97-4589-B801-DD7097FC14DA}.Release|Win32.Build.0 = Release|Win32
		{AF97F28C-51B1-4E30-BDF1-165DCE67FE43}.Debug|Win32.ActiveCfg = Debug|Win32
		{AF97F28C-51B1-4E30-BDF1-165DCE67FE43}.Debug|Win32.Build.0 = Debug|Win32
		{AF97F28C-51B1-4E30-BDF1-165DCE67FE43}.Release|Win32.ActiveCfg = Release|Win32
		{AF97F28C-51B1-4E30-BDF1-165DCE67FE43}.Release|Win32.Build.0 = Release|Win32
		{B32FCCB5-C0F4-41D7-B9E2-DD7EDBE2230A}.Debug|Win32.ActiveCfg = Debug|Win32
		{B32FCCB5-C0F4-41D7-B9E2-DD7EDBE2230A}.Debug|Win32.Build.0 = Debug|Win32
		{B32FCCB5-C0F4-41D7-B9E2-DD7EDBE2230A}.Release|Win32.ActiveCfg = Release|Win32
		{B32FCCB5-C0F4-41D7-B9E2-DD7EDBE2230A}.Release|Win32.Build.0 = Release|Win32
		{0608D7A3-8A4E-4D83-A6B7-565ED44097CF}.Debug|Win32.ActiveCfg = Debug|Win32
		{0608D7A3-8A4E-4D83-A6B7-565ED44097CF}.Debug|Win32.Build.0 = Debug|Win32
		{0608D7A3-8A4E-4D83-A6B7-565ED44097CF}.Release|Win32.ActiveCfg = Release|Win32
		{0608D7A3-8A4E-4D83-A6B7-565ED44097CF}.Release|Win32.Build.0 = Release|Win32
		{4548E978-A076-4BA2-88B3-A41F46E53B16}.Debug|Win32.ActiveCfg = Debug|Win32
		{4548E978-A076-4BA2-88B3-A41F46E53B16}.Debug|Win32.Build.0 = Debug|Win32
		{4548E978-A076-4BA2-88B3-A41F46E53B16}.Release|Win32.ActiveCfg = Release|Win32
		{4548E978-A076-4BA2-88B3-A41F46E53B16}.Release|Win32.Build.0 = Release|Win32
		{DB683B59-D89D-4074-80A1-AD9A71C16DFC}.Debug|Win32.ActiveCfg = Debug|Win32
		{DB683B59-D89D-4074-80A1-AD9A71C16DFC}.Debug|Win32.Build.0 = Debug|Win32
		{DB683B59-D89D-4074-80A1-AD9A71C16DFC}.Release|Win32.ActiveCfg = Release|Win32
		{DB683B59-D89D-4074-80A1-AD9A71C16DFC}.Release|Win32.Build.0 = Release|Win32
		{C635F36D-9901-4BF4-A919-A600053C3A28}.Debug|Win32.ActiveCfg = Debug|Win32
		{C635F36D-9901-4BF4-A919-A600053C3A28}.Debug|Win32.Build.0 = Debug|Win32
		{C635F36D-9901-4BF4-A919-A600053C3A28}.Release|Win32.ActiveCfg = Release|Win32
		{C635F36D-9901-4BF4-A919-A600053C3A28}.Release|Win32.Build.0 = Release|Win32
		{D3B6F1DE-D52F-4E99-B6E7-7D5F255721F2}.Debug|Win32.ActiveCfg = Debug|Win32
		{D3B6F1DE-D52F-4E99-B6E7-7D5F255721F2}.Debug|Win32.Build.0 = Debug|Win32
		{D3B6F1DE-D52F-4E99-B6E7-7D5F255721F2}.Release|Win32.ActiveCfg = Release|Win32
		{D3B6F1DE-D52F-4E99-B6E7-7D5F255721F2}.Release|Win32.Build.0 = Release|Win32
		{DF297B83-401B-452A-BE51-61357ECEC63A}.Debug|Win32.ActiveCfg = Debug|Win32
		{DF297B83-401B-452A-BE51-61357ECEC63A}.Debug|Win32.Build.0 = Debug|Win32
		{DF297B83-401B-452A-BE51-61357ECEC63A}.Release|Win32.ActiveCfg = Release|Win32
		{DF297B83-401B-452A-BE51-61357ECEC63A}.Release|Win32.Build.0 = Release|Win32
		{55D7C852-393E-4F7C-B8A5-072921A141C4}.Debug|Win32.ActiveCfg = Debug|Win32
		{55D7C852-393E-4F7C-B8A5-072921A141C4}.Debug|Win32.Build.0 = Debug|Win32
		{55D7C852-393E-4F7C-B8A5-072921A141C4}.Release|Win32.ActiveCfg = Release|Win32
		{55D7C852-393E-4F7C-B8A5-072921A141C4}.Release|Win32.Build.0 = Release|Win32
		{253FDC75-1CE6-48EF-951A-C3FB7A1D9B69}.Debug|Win32.ActiveCfg = Debug|Win32
		{253FDC75-1CE6-48EF-951A-C3FB7A1D9B69}.Debug|Win32.Build.0 = Debug|Win32
		{253FDC75-1CE6-48EF-951A-C3FB7A1D9B69}.Release|Win32.ActiveCfg = Release|Win32
		{253FDC75-1CE6-48EF-951A-C3FB7A1D9B69}.Release|Win32.Build.0 = Release|Win32
		{6DF863DA-184B-4EA4-AC30-865E4CA87C39}.Debug|Win32.ActiveCfg = Debug|Win32
		{6DF863DA-184B-4EA4-AC30-865E4CA87C39}.Debug|Win32.Build.0 = Debug|Win32
		{6DF863DA-184B-4EA4-AC30-865E4CA87C39}.Release|Win32.ActiveCfg = Release|Win32
		{6DF863DA-184B-4EA4-AC30-865E4CA87C39}.Release|Win32.Build.0 = Release|Win32
		{CD1023B7-2E03-48A9-81FA-0F6AB70DE9AE}.Debug|Win32.ActiveCfg = Debug|Win32
		{CD1023B7-2E03-48A9-81FA-0F6AB70DE9AE}.Debug|Win32.Build.0 = Debug|Win32
		{CD1023B7-2E03-48A9-81FA-0F6AB70DE9AE}.Release|Win32.ActiveCfg = Release|Win32
		{CD1023B7-2E03-48A9-81FA-0F6AB70DE9AE}.Release|Win32.Build.0 = Release|Win32
		{ECCDC58D-597D-4815-955E-F5E83A6CCA78}.Debug|Win32.ActiveCfg = Debug|Win32
		{ECCDC58D-597D-4815-955E-F5E83A6CCA78}.Debug|Win32.Build.0 = Debug|Win32
		{ECCDC58D-597D-4815-955E-F5E83A6CCA78}.Release|Win32.ActiveCfg = Release|Win32
		{ECCDC58D-597D-4815-955E-F5E83A6CCA78}.Release|Win32.Build.0 = Release|Win32
		{CD390093-B69C-44E5-8F23-0458F91ED5D7}.Debug|Win32.ActiveCfg = Debug|Win32
		{CD390093-B69C-44E5-8F23-0458F91ED5D7}.Debug|Win32.Build.0 = Debug|Win32
		{CD390093-B69C-44E5-8F23-0458F91ED5D7}.Release|Win32.ActiveCfg = Release|Win32
		{CD390093-B69C-44E5-8F23-0458F91ED5D7}.Release|Win32.Build.0 = Release|Win32
		{52EFCEBD-03BD-4590-987B-7A561CC8E6D5}.Debug|Win32.ActiveCfg = Debug|Win32
		{52EFCEBD-03BD-4590-987B-7A561CC8E6D5}.Debug|Win32.Build.0 = Debug|Win32
		{52EFCEBD-03BD-4590-987B-7A561CC8E6D5}.Release|Win32.ActiveCfg = Release|Win32
		{52EFCEBD-03BD-4590-987B-7A561CC8E6D5}.Release|Win32.Build.0 = Release|Win32
		{B025880D-30B9-404B-85EE-31A54F438036}.Debug|Win32.ActiveCfg = Debug|Win32
		{B025880D-30B9-404B-85EE-31A54F438036}.Debug|Win32.Build.0 = Debug|Win32
		{B025880D-30B9-404B-85EE-31A54F438036}.Release|Win32.ActiveCfg = Release|Win32
		{B025880D-30B9-404B-85EE-31A54F438036}.Release|Win32.Build.0 = Release|Win32
		{6917CDD3-2EEF-4B6D-9256-ED5B64391341}.Debug|Win32.ActiveCfg = Debug|Win32
		{6917CDD3-2EEF-4B6D-9256-ED5B64391341}.Debug|Win32.Build.0 = Debug|Win32
		{6917CDD3-2EEF-4B6D-9256-ED5B64391341}.Release|Win32.ActiveCfg = Release|Win32
		{6917CDD3-2EEF-4B6D-9256-ED5B64391341}.Release|Win32.Build.0 = Release|Win32
		{3856EBDD-0022-496F-A8A2-75D82EEC2457}.Debug|Win32.ActiveCfg = Debug|Win32
		{3856EBDD-0022-496F-A8A2-75D82EEC2457}.Debug|Win32.Build.0 = Debug|Win32
		{3856EBDD-0022-496F-A8A2-75D82EEC2457}.Release|Win32.ActiveCfg = Release|Win32
		{3856EBDD-0022-496F-A8A2-75D82EEC2457}.Release|Win32.Build.0 = Release|Win32
		{D71D5409-E534-46C3-A7DF-41F92F8E254B}.Debug|Win32.ActiveCfg = Debug|Win32
		{D71D5409-E534-46C3-A7DF-41F92F8E254B}.Debug|Win32.Build.0 = Debug|Win32
		{D71D5409-E534-46C3-A7DF-41F92F8E254B}.Release|Win32.ActiveCfg = Release|Win32
		{D71D5409-E534-46C3-A7DF-41F92F8E254B}.Release|Win32.Build.0 = Release|Win32
		{CEDCD4DD-3CC4-4944-85EB-BB0601250BA0}.Debug|Win32.ActiveCfg = Debug|Win32
		{CEDCD4DD-3CC4-4944-85EB-BB0601250BA0}.Debug|Win32.Build.0 = Debug|Win32
		{CEDCD4DD-3CC4-4944-85EB-BB0601250BA0}.Release|Win32.ActiveCfg = Release|Win32
		{CEDCD4DD-3CC4-4944-85EB-BB0601250BA0}.Release|Win32.Build.0 = Release|Win32
	EndGlobalSection
	GlobalSection(SolutionProperties) = preSolution
		HideSolutionNode = FALSE
	EndGlobalSection
	GlobalSection(NestedProjects) = preSolution
		{E1210703-9ADB-4ED7-AE0C-B7E39A15E01F} = {F4E92C83-ECFD-4C0C-B40B-1136FE3B73ED}
		{BD30CDD7-5A97-40E6-AE94-2C671363D03C} = {973B57CA-C119-411A-8994-16CD9FB18BBB}
		{A974FDA8-7D50-4B04-892A-EDB00B68F7D6} = {F4E92C83-ECFD-4C0C-B40B-1136FE3B73ED}
		{4CC50617-2229-460E-9A80-3C517A2D9090} = {F4E92C83-ECFD-4C0C-B40B-1136FE3B73ED}
		{38A9E85A-3F97-4589-B801-DD7097FC14DA} = {F4E92C83-ECFD-4C0C-B40B-1136FE3B73ED}
		{AF97F28C-51B1-4E30-BDF1-165DCE67FE43} = {F4E92C83-ECFD-4C0C-B40B-1136FE3B73ED}
		{B32FCCB5-C0F4-41D7-B9E2-DD7EDBE2230A} = {973B57CA-C119-411A-8994-16CD9FB18BBB}
		{0608D7A3-8A4E-4D83-A6B7-565ED44097CF} = {F4E92C83-ECFD-4C0C-B40B-1136FE3B73ED}
		{4548E978-A076-4BA2-88B3-A41F46E53B16} = {F4E92C83-ECFD-4C0C-B40B-1136FE3B73ED}
		{DB683B59-D89D-4074-80A1-AD9A71C16DFC} = {F4E92C83-ECFD-4C0C-B40B-1136FE3B73ED}
		{C635F36D-9901-4BF4-A919-A600053C3A28} = {F4E92C83-ECFD-4C0C-B40B-1136FE3B73ED}
		{D3B6F1DE-D52F-4E99-B6E7-7D5F255721F2} = {F4E92C83-ECFD-4C0C-B40B-1136FE3B73ED}
		{8AB01551-9ABA-4108-B761-BA600FFF704A} = {F4E92C83-ECFD-4C0C-B40B-1136FE3B73ED}
		{DF297B83-401B-452A-BE51-61357ECEC63A} = {8AB01551-9ABA-4108-B761-BA600FFF704A}
		{55D7C852-393E-4F7C-B8A5-072921A141C4} = {8AB01551-9ABA-4108-B761-BA600FFF704A}
		{253FDC75-1CE6-48EF-951A-C3FB7A1D9B69} = {F4E92C83-ECFD-4C0C-B40B-1136FE3B73ED}
		{973B57CA-C119-411A-8994-16CD9FB18BBB} = {F4E92C83-ECFD-4C0C-B40B-1136FE3B73ED}
		{6DF863DA-184B-4EA4-AC30-865E4CA87C39} = {973B57CA-C119-411A-8994-16CD9FB18BBB}
		{CD1023B7-2E03-48A9-81FA-0F6AB70DE9AE} = {973B57CA-C119-411A-8994-16CD9FB18BBB}
		{ECCDC58D-597D-4815-955E-F5E83A6CCA78} = {8AB01551-9ABA-4108-B761-BA600FFF704A}
		{CD390093-B69C-44E5-8F23-0458F91ED5D7} = {D099CDEB-6A21-4E5A-959B-2A3D39E2B6F0}
		{52EFCEBD-03BD-4590-987B-7A561CC8E6D5} = {8AB01551-9ABA-4108-B761-BA600FFF704A}
		{B025880D-30B9-404B-85EE-31A54F438036} = {58D0EC59-74E9-4E35-A8F1-9212EFCE9EA2}
		{6917CDD3-2EEF-4B6D-9256-ED5B64391341} = {F4E92C83-ECFD-4C0C-B40B-1136FE3B73ED}
		{3856EBDD-0022-496F-A8A2-75D82EEC2457} = {8AB01551-9ABA-4108-B761-BA600FFF704A}
		{D71D5409-E534-46C3-A7DF-41F92F8E254B} = {F4E92C83-ECFD-4C0C-B40B-1136FE3B73ED}
		{CEDCD4DD-3CC4-4944-85EB-BB0601250BA0} = {F4E92C83-ECFD-4C0C-B40B-1136FE3B73ED}
	EndGlobalSection
	GlobalSection(ExtensibilityGlobals) = postSolution
		SolutionGuid = {62C784B6-0AE4-42AB-833B-6267BA627046}
	EndGlobalSection
EndGlobal
