<?xml version="1.0" encoding="utf-8"?>
<Project ToolsVersion="4.0" xmlns="http://schemas.microsoft.com/developer/msbuild/2003">
  <ItemGroup>
    <Filter Include="Source Files">
      <UniqueIdentifier>{4FC737F1-C7A5-4376-A066-2A32D752A2FF}</UniqueIdentifier>
      <Extensions>cpp;c;cxx;def;odl;idl;hpj;bat;asm;asmx</Extensions>
    </Filter>
    <Filter Include="Header Files">
      <UniqueIdentifier>{93995380-89BD-4b04-88EB-625FBE52EBFB}</UniqueIdentifier>
      <Extensions>h;hpp;hxx;hm;inl;inc;xsd</Extensions>
    </Filter>
  </ItemGroup>
  <ItemGroup>
    <ClCompile Include="Critter.cpp">
      <Filter>Source Files</Filter>
    </ClCompile>
    <ClCompile Include="Model3DBuiltIn.cpp">
      <Filter>Source Files</Filter>
    </ClCompile>
    <ClCompile Include="Quadtree.cpp">
      <Filter>Source Files</Filter>
    </ClCompile>
    <ClCompile Include="Renderer.cpp">
      <Filter>Source Files</Filter>
    </ClCompile>
    <ClCompile Include="Texture.cpp">
      <Filter>Source Files</Filter>
    </ClCompile>
    <ClCompile Include="PolygonTessellator.cpp">
      <Filter>Source Files</Filter>
    </ClCompile>
    <ClCompile Include="pch.cpp">
      <Filter>Source Files</Filter>
    </ClCompile>
    <ClCompile Include="RenderWindow.cpp">
      <Filter>Source Files</Filter>
    </ClCompile>
    <ClCompile Include="Viewport.cpp">
      <Filter>Source Files</Filter>
    </ClCompile>
    <ClCompile Include="UnderworldRenderer.cpp">
      <Filter>Source Files</Filter>
    </ClCompile>
    <ClCompile Include="LevelTilemapRenderer.cpp">
      <Filter>Source Files</Filter>
    </ClCompile>
    <ClCompile Include="MainGameLoop.cpp">
      <Filter>Source Files</Filter>
    </ClCompile>
    <ClCompile Include="Model3DVrml.cpp">
      <Filter>Source Files</Filter>
    </ClCompile>
    <ClCompile Include="TextureManager.cpp">
      <Filter>Source Files</Filter>
    </ClCompile>
    <ClCompile Include="Scaler.cpp">
      <Filter>Source Files</Filter>
    </ClCompile>
    <ClCompile Include="Model3DManager.cpp">
      <Filter>Source Files</Filter>
    </ClCompile>
    <ClCompile Include="VertexBufferObject.cpp">
      <Filter>Source Files</Filter>
    </ClCompile>
    <ClCompile Include="OpenGL.cpp">
      <Filter>Source Files</Filter>
    </ClCompile>
  </ItemGroup>
  <ItemGroup>
    <ClInclude Include="Critter.hpp">
      <Filter>Header Files</Filter>
    </ClInclude>
    <ClInclude Include="Model3D.hpp">
      <Filter>Header Files</Filter>
    </ClInclude>
    <ClInclude Include="Quadtree.hpp">
      <Filter>Header Files</Filter>
    </ClInclude>
    <ClInclude Include="Model3DBuiltIn.hpp">
      <Filter>Header Files</Filter>
    </ClInclude>
    <ClInclude Include="Renderer.hpp">
      <Filter>Header Files</Filter>
    </ClInclude>
    <ClInclude Include="Texture.hpp">
      <Filter>Header Files</Filter>
    </ClInclude>
    <ClInclude Include="PolygonTessellator.hpp">
      <Filter>Header Files</Filter>
    </ClInclude>
    <ClInclude Include="pch.hpp">
      <Filter>Header Files</Filter>
    </ClInclude>
    <ClInclude Include="RenderWindow.hpp">
      <Filter>Header Files</Filter>
    </ClInclude>
    <ClInclude Include="Viewport.hpp">
      <Filter>Header Files</Filter>
    </ClInclude>
    <ClInclude Include="UnderworldRenderer.hpp">
      <Filter>Header Files</Filter>
    </ClInclude>
    <ClInclude Include="LevelTilemapRenderer.hpp">
      <Filter>Header Files</Filter>
    </ClInclude>
    <ClInclude Include="RenderOptions.hpp">
      <Filter>Header Files</Filter>
    </ClInclude>
    <ClInclude Include="MainGameLoop.hpp">
      <Filter>Header Files</Filter>
    </ClInclude>
    <ClInclude Include="Model3DVrml.hpp">
      <Filter>Header Files</Filter>
    </ClInclude>
    <ClInclude Include="TextureManager.hpp">
      <Filter>Header Files</Filter>
    </ClInclude>
    <ClInclude Include="Scaler.hpp">
      <Filter>Header Files</Filter>
    </ClInclude>
    <ClInclude Include="Model3DManager.hpp">
      <Filter>Header Files</Filter>
    </ClInclude>
    <ClInclude Include="VertexBufferObject.hpp">
      <Filter>Header Files</Filter>
    </ClInclude>
    <ClInclude Include="OpenGL.hpp">
      <Filter>Header Files</Filter>
    </ClInclude>
  </ItemGroup>
</Project>