<?xml version="1.0" encoding="utf-8"?>
<Project ToolsVersion="4.0" xmlns="http://schemas.microsoft.com/developer/msbuild/2003">
  <ItemGroup>
    <Filter Include="Source Files">
      <UniqueIdentifier>{4FC737F1-C7A5-4376-A066-2A32D752A2FF}</UniqueIdentifier>
      <Extensions>cpp;c;cxx;def;odl;idl;hpj;bat;asm;asmx</Extensions>
    </Filter>
    <Filter Include="Header Files">
      <UniqueIdentifier>{93995380-89BD-4b04-88EB-625FBE52EBFB}</UniqueIdentifier>
      <Extensions>h;hpp;hxx;hm;inl;inc;xsd</Extensions>
    </Filter>
    <Filter Include="Midi Header Files">
      <UniqueIdentifier>{6c778668-a5f0-492d-97a6-f1bfedbe9f13}</UniqueIdentifier>
    </Filter>
    <Filter Include="Midi Source Files">
      <UniqueIdentifier>{56b04f42-09bd-4a4d-bc7e-336ae6f25a23}</UniqueIdentifier>
    </Filter>
  </ItemGroup>
  <ItemGroup>
    <ClCompile Include="audio.cpp">
      <Filter>Source Files</Filter>
    </ClCompile>
    <ClCompile Include="midiplayer.cpp">
      <Filter>Source Files</Filter>
    </ClCompile>
    <ClCompile Include="playlist.cpp">
      <Filter>Source Files</Filter>
    </ClCompile>
    <ClCompile Include="resamp.c">
      <Filter>Source Files</Filter>
    </ClCompile>
    <ClCompile Include="vocfile.cpp">
      <Filter>Source Files</Filter>
    </ClCompile>
    <ClCompile Include="vocresample.cpp">
      <Filter>Source Files</Filter>
    </ClCompile>
    <ClCompile Include="midi\CoreAudioMidiDriver.cpp">
      <Filter>Midi Source Files</Filter>
    </ClCompile>
    <ClCompile Include="midi\LowLevelMidiDriver.cpp">
      <Filter>Midi Source Files</Filter>
    </ClCompile>
    <ClCompile Include="midi\MidiDriver.cpp">
      <Filter>Midi Source Files</Filter>
    </ClCompile>
    <ClCompile Include="midi\WindowsMidiDriver.cpp">
      <Filter>Midi Source Files</Filter>
    </ClCompile>
    <ClCompile Include="midi\XMidiEventList.cpp">
      <Filter>Midi Source Files</Filter>
    </ClCompile>
    <ClCompile Include="midi\XMidiFile.cpp">
      <Filter>Midi Source Files</Filter>
    </ClCompile>
    <ClCompile Include="midi\XMidiSequence.cpp">
      <Filter>Midi Source Files</Filter>
    </ClCompile>
  </ItemGroup>
  <ItemGroup>
    <ClInclude Include="audio.hpp">
      <Filter>Header Files</Filter>
    </ClInclude>
    <ClInclude Include="midiplayer.hpp">
      <Filter>Header Files</Filter>
    </ClInclude>
    <ClInclude Include="playlist.hpp">
      <Filter>Header Files</Filter>
    </ClInclude>
    <ClInclude Include="resamp.h">
      <Filter>Header Files</Filter>
    </ClInclude>
    <ClInclude Include="vocfile.hpp">
      <Filter>Header Files</Filter>
    </ClInclude>
    <ClInclude Include="midi\common_types.h">
      <Filter>Midi Header Files</Filter>
    </ClInclude>
    <ClInclude Include="midi\CoreAudioMidiDriver.h">
      <Filter>Midi Header Files</Filter>
    </ClInclude>
    <ClInclude Include="midi\IDataSource.h">
      <Filter>Midi Header Files</Filter>
    </ClInclude>
    <ClInclude Include="midi\LowLevelMidiDriver.h">
      <Filter>Midi Header Files</Filter>
    </ClInclude>
    <ClInclude Include="midi\MidiDriver.h">
      <Filter>Midi Header Files</Filter>
    </ClInclude>
    <ClInclude Include="midi\ODataSource.h">
      <Filter>Midi Header Files</Filter>
    </ClInclude>
    <ClInclude Include="midi\pent_include.h">
      <Filter>Midi Header Files</Filter>
    </ClInclude>
    <ClInclude Include="midi\WindowsMidiDriver.h">
      <Filter>Midi Header Files</Filter>
    </ClInclude>
    <ClInclude Include="midi\XMidiEvent.h">
      <Filter>Midi Header Files</Filter>
    </ClInclude>
    <ClInclude Include="midi\XMidiEventList.h">
      <Filter>Midi Header Files</Filter>
    </ClInclude>
    <ClInclude Include="midi\XMidiFile.h">
      <Filter>Midi Header Files</Filter>
    </ClInclude>
    <ClInclude Include="midi\XMidiNoteStack.h">
      <Filter>Midi Header Files</Filter>
    </ClInclude>
    <ClInclude Include="midi\XMidiSequence.h">
      <Filter>Midi Header Files</Filter>
    </ClInclude>
    <ClInclude Include="midi\XMidiSequenceHandler.h">
      <Filter>Midi Header Files</Filter>
    </ClInclude>
    <ClInclude Include="IODataSource.hpp">
      <Filter>Header Files</Filter>
    </ClInclude>
  </ItemGroup>
</Project>