// !$*UTF8*$!
{
	archiveVersion = 1;
	classes = {
	};
	objectVersion = 39;
	objects = {
		080E96DDFE201D6D7F000001 = {
			children = (
				F5A47A9D01A0482F01D3D55B,
				F5A47A9E01A0483001D3D55B,
			);
			isa = PBXGroup;
			name = Classes;
			refType = 4;
			sourceTree = "<group>";
		};
		089C165CFE840E0CC02AAC07 = {
			children = (
				089C165DFE840E0CC02AAC07,
			);
			isa = PBXVariantGroup;
			name = InfoPlist.strings;
			refType = 4;
			sourceTree = "<group>";
		};
		089C165DFE840E0CC02AAC07 = {
			fileEncoding = 10;
			isa = PBXFileReference;
			lastKnownFileType = text.plist.strings;
			name = English;
			path = English.lproj/InfoPlist.strings;
			refType = 4;
			sourceTree = "<group>";
		};
//080
//081
//082
//083
//084
//100
//101
//102
//103
//104
		1058C7A0FEA54F0111CA2CBB = {
			children = (
				3810EBB007A30C3C00F3FA64,
				38F7796B07A0934D000845FC,
				38F7796907A09334000845FC,
				1058C7A1FEA54F0111CA2CBB,
				381ACF8406C6E08C00A08796,
				38F7798A07A09367000845FC,
			);
			isa = PBXGroup;
			name = "Linked Frameworks";
			refType = 4;
			sourceTree = "<group>";
		};
		1058C7A1FEA54F0111CA2CBB = {
			isa = PBXFileReference;
			lastKnownFileType = wrapper.framework;
			name = Cocoa.framework;
			path = /System/Library/Frameworks/Cocoa.framework;
			refType = 0;
			sourceTree = "<absolute>";
		};
		1058C7A2FEA54F0111CA2CBB = {
			children = (
				29B97325FDCFA39411CA2CEA,
				29B97324FDCFA39411CA2CEA,
			);
			isa = PBXGroup;
			name = "Other Frameworks";
			refType = 4;
			sourceTree = "<group>";
		};
//100
//101
//102
//103
//104
//190
//191
//192
//193
//194
		19C28FACFE9D520D11CA2CBB = {
			children = (
				381ACF7E06C6DFC700A08796,
			);
			isa = PBXGroup;
			name = Products;
			refType = 4;
			sourceTree = "<group>";
		};
//190
//191
//192
//193
//194
//290
//291
//292
//293
//294
		29B97313FDCFA39411CA2CEA = {
			buildSettings = {
			};
			buildStyles = (
				4A9504CCFFE6A4B311CA0CBA,
				4A9504CDFFE6A4B311CA0CBA,
			);
			hasScannedForEncodings = 1;
			isa = PBXProject;
			mainGroup = 29B97314FDCFA39411CA2CEA;
			projectDirPath = "";
			targets = (
				381ACF7206C6DFC700A08796,
			);
		};
		29B97314FDCFA39411CA2CEA = {
			children = (
				38F776E507A07F7C000845FC,
				080E96DDFE201D6D7F000001,
				29B97315FDCFA39411CA2CEA,
				29B97317FDCFA39411CA2CEA,
				29B97323FDCFA39411CA2CEA,
				19C28FACFE9D520D11CA2CBB,
			);
			isa = PBXGroup;
			name = uwadv;
			path = "";
			refType = 4;
			sourceTree = "<group>";
		};
		29B97315FDCFA39411CA2CEA = {
			children = (
				F5A47A9F01A0483001D3D55B,
				38F7790807A08693000845FC,
			);
			isa = PBXGroup;
			name = "Other Sources";
			path = "";
			refType = 4;
			sourceTree = "<group>";
		};
		29B97317FDCFA39411CA2CEA = {
			children = (
				381ACF7D06C6DFC700A08796,
				089C165CFE840E0CC02AAC07,
			);
			isa = PBXGroup;
			name = Resources;
			path = "";
			refType = 4;
			sourceTree = "<group>";
		};
		29B97323FDCFA39411CA2CEA = {
			children = (
				1058C7A0FEA54F0111CA2CBB,
				1058C7A2FEA54F0111CA2CBB,
			);
			isa = PBXGroup;
			name = Frameworks;
			path = "";
			refType = 4;
			sourceTree = "<group>";
		};
		29B97324FDCFA39411CA2CEA = {
			isa = PBXFileReference;
			lastKnownFileType = wrapper.framework;
			name = AppKit.framework;
			path = /System/Library/Frameworks/AppKit.framework;
			refType = 0;
			sourceTree = "<absolute>";
		};
		29B97325FDCFA39411CA2CEA = {
			isa = PBXFileReference;
			lastKnownFileType = wrapper.framework;
			name = Foundation.framework;
			path = /System/Library/Frameworks/Foundation.framework;
			refType = 0;
			sourceTree = "<absolute>";
		};
//290
//291
//292
//293
//294
//380
//381
//382
//383
//384
		3810E9A107A2131F00F3FA64 = {
			children = (
				3810E9A507A2135B00F3FA64,
				3810E9A607A2135B00F3FA64,
			);
			isa = PBXGroup;
			name = macosx;
			path = /Users/jim/Development/uwadv/source/macosx;
			refType = 0;
			sourceTree = "<absolute>";
		};
		3810E9A507A2135B00F3FA64 = {
			fileEncoding = 30;
			isa = PBXFileReference;
			lastKnownFileType = sourcecode.c.h;
			path = atomic.h;
			refType = 4;
			sourceTree = "<group>";
		};
		3810E9A607A2135B00F3FA64 = {
			fileEncoding = 30;
			isa = PBXFileReference;
			lastKnownFileType = sourcecode.asm;
			path = atomic.s;
			refType = 4;
			sourceTree = "<group>";
		};
		3810E9A707A2135B00F3FA64 = {
			fileRef = 3810E9A507A2135B00F3FA64;
			isa = PBXBuildFile;
			settings = {
			};
		};
		3810E9A807A2135B00F3FA64 = {
			fileRef = 3810E9A607A2135B00F3FA64;
			isa = PBXBuildFile;
			settings = {
			};
		};
		3810EB4B07A2E43800F3FA64 = {
			fileEncoding = 4;
			isa = PBXFileReference;
			lastKnownFileType = sourcecode.c.h;
			path = osx_midiout.h;
			refType = 4;
			sourceTree = "<group>";
		};
		3810EB4C07A2E43800F3FA64 = {
			fileEncoding = 4;
			isa = PBXFileReference;
			lastKnownFileType = sourcecode.cpp.cpp;
			path = osx_midiout.cpp;
			refType = 4;
			sourceTree = "<group>";
		};
		3810EB4D07A2E43800F3FA64 = {
			fileRef = 3810EB4B07A2E43800F3FA64;
			isa = PBXBuildFile;
			settings = {
			};
		};
		3810EB4E07A2E43800F3FA64 = {
			fileRef = 3810EB4C07A2E43800F3FA64;
			isa = PBXBuildFile;
			settings = {
			};
		};
		3810EBB007A30C3C00F3FA64 = {
			isa = PBXFileReference;
			lastKnownFileType = wrapper.framework;
			name = AudioUnit.framework;
			path = /System/Library/Frameworks/AudioUnit.framework;
			refType = 0;
			sourceTree = "<absolute>";
		};
		3810EBB107A30C3C00F3FA64 = {
			fileRef = 3810EBB007A30C3C00F3FA64;
			isa = PBXBuildFile;
			settings = {
			};
		};
		381ACF7206C6DFC700A08796 = {
			buildPhases = (
				381ACF7306C6DFC700A08796,
				381ACF7506C6DFC700A08796,
				381ACF7706C6DFC700A08796,
				381ACF7A06C6DFC700A08796,
			);
			buildRules = (
			);
			buildSettings = {
				GCC_PREPROCESSOR_DEFINITIONS = HAVE_CONFIG_H;
				HEADER_SEARCH_PATHS = "$(LOCAL_LIBRARY_DIR)/Frameworks/SDL.framework/Headers $(LOCAL_LIBRARY_DIR)/Frameworks/SDL_mixer.framework/Headers ../source";
				INFOPLIST_FILE = Info.plist;
				INSTALL_PATH = "$(HOME)/Applications";
				LIBRARY_SEARCH_PATHS = "";
				PRODUCT_NAME = "Underworld Adventures";
				SECTORDER_FLAGS = "";
				WARNING_CFLAGS = "-Wmost -Wno-four-char-constants -Wno-unknown-pragmas";
				WRAPPER_EXTENSION = app;
			};
			dependencies = (
			);
			isa = PBXNativeTarget;
			name = "Underworld Adventures";
			productInstallPath = "$(HOME)/Applications";
			productName = uwadv;
			productReference = 381ACF7E06C6DFC700A08796;
			productType = "com.apple.product-type.application";
		};
		381ACF7306C6DFC700A08796 = {
			buildActionMask = 2147483647;
			files = (
				3810E9A707A2135B00F3FA64,
				3810EB4D07A2E43800F3FA64,
			);
			isa = PBXHeadersBuildPhase;
			runOnlyForDeploymentPostprocessing = 0;
		};
		381ACF7506C6DFC700A08796 = {
			buildActionMask = 2147483647;
			files = (
				381ACF7606C6DFC700A08796,
			);
			isa = PBXResourcesBuildPhase;
			runOnlyForDeploymentPostprocessing = 0;
		};
		381ACF7606C6DFC700A08796 = {
			fileRef = 089C165CFE840E0CC02AAC07;
			isa = PBXBuildFile;
			settings = {
			};
		};
		381ACF7706C6DFC700A08796 = {
			buildActionMask = 2147483647;
			files = (
				381ACF7806C6DFC700A08796,
				38F777EE07A08095000845FC,
				38F777F007A08095000845FC,
				38F777F207A08095000845FC,
				38F777F607A08095000845FC,
				38F777F807A08095000845FC,
				38F777F907A08095000845FC,
				38F777FB07A08095000845FC,
				38F777FD07A08095000845FC,
				38F777FF07A08095000845FC,
				38F7780207A08095000845FC,
				38F7780407A08095000845FC,
				38F7780707A08095000845FC,
				38F7781107A08095000845FC,
				38F7781507A08095000845FC,
				38F7781607A08095000845FC,
				38F7781707A08095000845FC,
				38F7781907A08095000845FC,
				38F7781A07A08095000845FC,
				38F7781D07A08095000845FC,
				38F7781F07A08095000845FC,
				38F7782407A08095000845FC,
				38F7782607A08095000845FC,
				38F7782807A08095000845FC,
				38F7782D07A08095000845FC,
				38F7783007A08095000845FC,
				38F7783207A08095000845FC,
				38F7783407A08095000845FC,
				38F7783507A08095000845FC,
				38F7783607A08095000845FC,
				38F7783707A08095000845FC,
				38F7783807A08095000845FC,
				38F7783C07A08095000845FC,
				38F7783D07A08095000845FC,
				38F7783E07A08095000845FC,
				38F7783F07A08095000845FC,
				38F7784007A08095000845FC,
				38F7784107A08095000845FC,
				38F7784207A08095000845FC,
				38F7784307A08095000845FC,
				38F7784407A08095000845FC,
				38F7784507A08095000845FC,
				38F7784607A08095000845FC,
				38F7784707A08095000845FC,
				38F7784907A08095000845FC,
				38F7784B07A08095000845FC,
				38F7784D07A08095000845FC,
				38F7784F07A08095000845FC,
				38F7785107A08095000845FC,
				38F7785307A08095000845FC,
				38F7785507A08095000845FC,
				38F7785707A08095000845FC,
				38F7785907A08095000845FC,
				38F7785B07A08095000845FC,
				38F7785D07A08095000845FC,
				38F7785F07A08095000845FC,
				38F7786107A08095000845FC,
				38F7786507A08095000845FC,
				38F7786707A08095000845FC,
				38F7786907A08095000845FC,
				38F7786B07A08095000845FC,
				38F7786D07A08095000845FC,
				38F7787D07A08095000845FC,
				38F7787F07A08095000845FC,
				38F7788107A08095000845FC,
				38F7788307A08095000845FC,
				38F7788507A08095000845FC,
				38F7788707A08095000845FC,
				38F7788907A08095000845FC,
				38F7788A07A08095000845FC,
				38F7788B07A08095000845FC,
				38F7788C07A08095000845FC,
				38F7788D07A08095000845FC,
				38F7788E07A08095000845FC,
				38F7789107A08095000845FC,
				38F7789407A08095000845FC,
				38F7789607A08095000845FC,
				38F7789907A08095000845FC,
				38F7789B07A08095000845FC,
				38F7789D07A08095000845FC,
				38F7789F07A08095000845FC,
				38F778A107A08095000845FC,
				38F778A207A08095000845FC,
				38F778AD07A08095000845FC,
				38F778AF07A08095000845FC,
				38F778B107A08095000845FC,
				38F778B407A08095000845FC,
				38F778B807A08095000845FC,
				38F778BB07A08095000845FC,
				38F778BD07A08095000845FC,
				38F778BF07A08095000845FC,
				38F778C107A08095000845FC,
				38F778C307A08095000845FC,
				38F778C507A08095000845FC,
				38F778C707A08095000845FC,
				38F778C907A08095000845FC,
				38F778CB07A08095000845FC,
				38F778CD07A08095000845FC,
				38F778CF07A08095000845FC,
				38F778D107A08095000845FC,
				38F778D307A08095000845FC,
				38F778D507A08095000845FC,
				38F778D707A08095000845FC,
				38F778DA07A08095000845FC,
				38F778DE07A08095000845FC,
				38F778DF07A08095000845FC,
				38F778E107A08095000845FC,
				38F778E307A08095000845FC,
				3810E9A807A2135B00F3FA64,
				3810EB4E07A2E43800F3FA64,
			);
			isa = PBXSourcesBuildPhase;
			runOnlyForDeploymentPostprocessing = 0;
		};
		381ACF7806C6DFC700A08796 = {
			fileRef = F5A47A9E01A0483001D3D55B;
			isa = PBXBuildFile;
			settings = {
			};
		};
		381ACF7A06C6DFC700A08796 = {
			buildActionMask = 2147483647;
			files = (
				381ACF7B06C6DFC700A08796,
				381ACF8506C6E08C00A08796,
				38F7796A07A09334000845FC,
				38F7796C07A0934D000845FC,
				38F7798B07A09367000845FC,
				3810EBB107A30C3C00F3FA64,
			);
			isa = PBXFrameworksBuildPhase;
			runOnlyForDeploymentPostprocessing = 0;
		};
		381ACF7B06C6DFC700A08796 = {
			fileRef = 1058C7A1FEA54F0111CA2CBB;
			isa = PBXBuildFile;
			settings = {
			};
		};
		381ACF7D06C6DFC700A08796 = {
			isa = PBXFileReference;
			lastKnownFileType = text.xml;
			path = Info.plist;
			refType = 4;
			sourceTree = "<group>";
		};
		381ACF7E06C6DFC700A08796 = {
			explicitFileType = wrapper.application;
			includeInIndex = 0;
			isa = PBXFileReference;
			path = "Underworld Adventures.app";
			refType = 3;
			sourceTree = BUILT_PRODUCTS_DIR;
		};
		381ACF8406C6E08C00A08796 = {
			isa = PBXFileReference;
			lastKnownFileType = wrapper.framework;
			name = SDL.framework;
			path = /Library/Frameworks/SDL.framework;
			refType = 0;
			sourceTree = "<absolute>";
		};
		381ACF8506C6E08C00A08796 = {
			fileRef = 381ACF8406C6E08C00A08796;
			isa = PBXBuildFile;
			settings = {
			};
		};
		38F776E507A07F7C000845FC = {
			children = (
				3810E9A107A2131F00F3FA64,
				38F776E607A08095000845FC,
				38F776F507A08095000845FC,
				38F7771F07A08095000845FC,
				38F7772007A08095000845FC,
				38F7772907A08095000845FC,
				38F7772A07A08095000845FC,
				38F7772B07A08095000845FC,
				38F7772C07A08095000845FC,
				38F7772D07A08095000845FC,
				38F7772E07A08095000845FC,
				38F7772F07A08095000845FC,
				38F7773007A08095000845FC,
				38F7773107A08095000845FC,
				38F7774407A08095000845FC,
				38F7774507A08095000845FC,
				38F7775607A08095000845FC,
				38F7776F07A08095000845FC,
				38F777BE07A08095000845FC,
				38F777D207A08095000845FC,
				38F777EA07A08095000845FC,
				38F777EB07A08095000845FC,
				38F777EC07A08095000845FC,
				38F777ED07A08095000845FC,
			);
			isa = PBXGroup;
			name = uwadv;
			refType = 4;
			sourceTree = "<group>";
		};
		38F776E607A08095000845FC = {
			children = (
				38F776E707A08095000845FC,
				38F776E807A08095000845FC,
				38F776E907A08095000845FC,
				38F776EA07A08095000845FC,
				38F776EB07A08095000845FC,
				38F776F007A08095000845FC,
				38F776F107A08095000845FC,
				38F776F207A08095000845FC,
				38F776F307A08095000845FC,
				38F776F407A08095000845FC,
			);
			isa = PBXGroup;
			name = audio;
			path = /Users/jim/Development/uwadv/source/audio;
			refType = 0;
			sourceTree = "<absolute>";
		};
		38F776E707A08095000845FC = {
			fileEncoding = 30;
			isa = PBXFileReference;
			lastKnownFileType = sourcecode.cpp.cpp;
			path = audio.cpp;
			refType = 4;
			sourceTree = "<group>";
		};
		38F776E807A08095000845FC = {
			fileEncoding = 30;
			isa = PBXFileReference;
			lastKnownFileType = sourcecode.cpp.h;
			path = audio.hpp;
			refType = 4;
			sourceTree = "<group>";
		};
		38F776E907A08095000845FC = {
			fileEncoding = 30;
			isa = PBXFileReference;
			lastKnownFileType = sourcecode.cpp.cpp;
			path = midi.cpp;
			refType = 4;
			sourceTree = "<group>";
		};
		38F776EA07A08095000845FC = {
			fileEncoding = 30;
			isa = PBXFileReference;
			lastKnownFileType = sourcecode.cpp.h;
			path = midi.hpp;
			refType = 4;
			sourceTree = "<group>";
		};
		38F776EB07A08095000845FC = {
			children = (
				3810EB4C07A2E43800F3FA64,
				3810EB4B07A2E43800F3FA64,
				38F776EC07A08095000845FC,
				38F776ED07A08095000845FC,
				38F776EE07A08095000845FC,
				38F776EF07A08095000845FC,
			);
			isa = PBXGroup;
			path = midi_driver;
			refType = 4;
			sourceTree = "<group>";
		};
		38F776EC07A08095000845FC = {
			fileEncoding = 30;
			isa = PBXFileReference;
			lastKnownFileType = sourcecode.cpp.cpp;
			path = midi_sdl_mixer.cpp;
			refType = 4;
			sourceTree = "<group>";
		};
		38F776ED07A08095000845FC = {
			fileEncoding = 30;
			isa = PBXFileReference;
			lastKnownFileType = sourcecode.cpp.h;
			path = midi_sdl_mixer.hpp;
			refType = 4;
			sourceTree = "<group>";
		};
		38F776EE07A08095000845FC = {
			fileEncoding = 30;
			isa = PBXFileReference;
			lastKnownFileType = sourcecode.cpp.cpp;
			path = win_midiout.cpp;
			refType = 4;
			sourceTree = "<group>";
		};
		38F776EF07A08095000845FC = {
			fileEncoding = 30;
			isa = PBXFileReference;
			lastKnownFileType = sourcecode.c.h;
			path = win_midiout.h;
			refType = 4;
			sourceTree = "<group>";
		};
		38F776F007A08095000845FC = {
			fileEncoding = 30;
			isa = PBXFileReference;
			lastKnownFileType = sourcecode.c.c;
			path = resamp.c;
			refType = 4;
			sourceTree = "<group>";
		};
		38F776F107A08095000845FC = {
			fileEncoding = 30;
			isa = PBXFileReference;
			lastKnownFileType = sourcecode.c.h;
			path = resamp.h;
			refType = 4;
			sourceTree = "<group>";
		};
		38F776F207A08095000845FC = {
			fileEncoding = 30;
			isa = PBXFileReference;
			lastKnownFileType = sourcecode.cpp.cpp;
			path = vocresample.cpp;
			refType = 4;
			sourceTree = "<group>";
		};
		38F776F307A08095000845FC = {
			fileEncoding = 30;
			isa = PBXFileReference;
			lastKnownFileType = sourcecode.cpp.cpp;
			path = xmidi.cpp;
			refType = 4;
			sourceTree = "<group>";
		};
		38F776F407A08095000845FC = {
			fileEncoding = 30;
			isa = PBXFileReference;
			lastKnownFileType = sourcecode.cpp.h;
			path = xmidi.hpp;
			refType = 4;
			sourceTree = "<group>";
		};
		38F776F507A08095000845FC = {
			children = (
				38F776F607A08095000845FC,
				38F776F707A08095000845FC,
				38F776F807A08095000845FC,
				38F776F907A08095000845FC,
				38F776FA07A08095000845FC,
				38F776FB07A08095000845FC,
				38F776FD07A08095000845FC,
				38F776FE07A08095000845FC,
				38F776FF07A08095000845FC,
				38F7770007A08095000845FC,
				38F7770107A08095000845FC,
				38F7770207A08095000845FC,
				38F7770307A08095000845FC,
				38F7770407A08095000845FC,
			);
			isa = PBXGroup;
			name = base;
			path = /Users/jim/Development/uwadv/source/base;
			refType = 0;
			sourceTree = "<absolute>";
		};
		38F776F607A08095000845FC = {
			fileEncoding = 30;
			isa = PBXFileReference;
			lastKnownFileType = sourcecode.cpp.cpp;
			path = cfgfile.cpp;
			refType = 4;
			sourceTree = "<group>";
		};
		38F776F707A08095000845FC = {
			fileEncoding = 30;
			isa = PBXFileReference;
			lastKnownFileType = sourcecode.cpp.h;
			path = cfgfile.hpp;
			refType = 4;
			sourceTree = "<group>";
		};
		38F776F807A08095000845FC = {
			fileEncoding = 30;
			isa = PBXFileReference;
			lastKnownFileType = sourcecode.cpp.cpp;
			path = files.cpp;
			refType = 4;
			sourceTree = "<group>";
		};
		38F776F907A08095000845FC = {
			fileEncoding = 30;
			isa = PBXFileReference;
			lastKnownFileType = sourcecode.cpp.h;
			path = files.hpp;
			refType = 4;
			sourceTree = "<group>";
		};
		38F776FA07A08095000845FC = {
			fileEncoding = 30;
			isa = PBXFileReference;
			lastKnownFileType = sourcecode.cpp.cpp;
			path = keymap.cpp;
			refType = 4;
			sourceTree = "<group>";
		};
		38F776FB07A08095000845FC = {
			fileEncoding = 30;
			isa = PBXFileReference;
			lastKnownFileType = sourcecode.cpp.h;
			path = keymap.hpp;
			refType = 4;
			sourceTree = "<group>";
		};
		38F776FD07A08095000845FC = {
			fileEncoding = 30;
			isa = PBXFileReference;
			lastKnownFileType = sourcecode.cpp.cpp;
			path = savegame.cpp;
			refType = 4;
			sourceTree = "<group>";
		};
		38F776FE07A08095000845FC = {
			fileEncoding = 30;
			isa = PBXFileReference;
			lastKnownFileType = sourcecode.cpp.h;
			path = savegame.hpp;
			refType = 4;
			sourceTree = "<group>";
		};
		38F776FF07A08095000845FC = {
			fileEncoding = 30;
			isa = PBXFileReference;
			lastKnownFileType = sourcecode.cpp.cpp;
			path = settings.cpp;
			refType = 4;
			sourceTree = "<group>";
		};
		38F7770007A08095000845FC = {
			fileEncoding = 30;
			isa = PBXFileReference;
			lastKnownFileType = sourcecode.cpp.h;
			path = settings.hpp;
			refType = 4;
			sourceTree = "<group>";
		};
		38F7770107A08095000845FC = {
			fileEncoding = 30;
			isa = PBXFileReference;
			lastKnownFileType = sourcecode.cpp.h;
			path = uamath.hpp;
			refType = 4;
			sourceTree = "<group>";
		};
		38F7770207A08095000845FC = {
			fileEncoding = 30;
			isa = PBXFileReference;
			lastKnownFileType = sourcecode.cpp.cpp;
			path = utils.cpp;
			refType = 4;
			sourceTree = "<group>";
		};
		38F7770307A08095000845FC = {
			fileEncoding = 30;
			isa = PBXFileReference;
			lastKnownFileType = sourcecode.cpp.h;
			path = utils.hpp;
			refType = 4;
			sourceTree = "<group>";
		};
		38F7770407A08095000845FC = {
			children = (
				38F7770D07A08095000845FC,
				38F7770E07A08095000845FC,
				38F7770F07A08095000845FC,
				38F7771107A08095000845FC,
				38F7771207A08095000845FC,
				38F7771307A08095000845FC,
				38F7771407A08095000845FC,
				38F7771507A08095000845FC,
				38F7771607A08095000845FC,
				38F7771707A08095000845FC,
				38F7771807A08095000845FC,
				38F7771907A08095000845FC,
				38F7771A07A08095000845FC,
				38F7771B07A08095000845FC,
				38F7771C07A08095000845FC,
				38F7771D07A08095000845FC,
				38F7771E07A08095000845FC,
				38F7790D07A086B3000845FC,
			);
			isa = PBXGroup;
			path = zziplib;
			refType = 4;
			sourceTree = "<group>";
		};
		38F7770D07A08095000845FC = {
			fileEncoding = 30;
			isa = PBXFileReference;
			lastKnownFileType = sourcecode.c.c;
			path = SDL_rwops_zzip.c;
			refType = 4;
			sourceTree = "<group>";
		};
		38F7770E07A08095000845FC = {
			fileEncoding = 30;
			isa = PBXFileReference;
			lastKnownFileType = sourcecode.c.h;
			path = SDL_rwops_zzip.h;
			refType = 4;
			sourceTree = "<group>";
		};
		38F7770F07A08095000845FC = {
			fileEncoding = 30;
			isa = PBXFileReference;
			lastKnownFileType = sourcecode.c.h;
			path = "zzip-conf.h";
			refType = 4;
			sourceTree = "<group>";
		};
		38F7771107A08095000845FC = {
			fileEncoding = 30;
			isa = PBXFileReference;
			lastKnownFileType = sourcecode.c.c;
			path = "zzip-dir.c";
			refType = 4;
			sourceTree = "<group>";
		};
		38F7771207A08095000845FC = {
			fileEncoding = 30;
			isa = PBXFileReference;
			lastKnownFileType = sourcecode.c.c;
			path = "zzip-err.c";
			refType = 4;
			sourceTree = "<group>";
		};
		38F7771307A08095000845FC = {
			fileEncoding = 30;
			isa = PBXFileReference;
			lastKnownFileType = sourcecode.c.c;
			path = "zzip-file.c";
			refType = 4;
			sourceTree = "<group>";
		};
		38F7771407A08095000845FC = {
			fileEncoding = 30;
			isa = PBXFileReference;
			lastKnownFileType = sourcecode.c.h;
			path = "zzip-file.h";
			refType = 4;
			sourceTree = "<group>";
		};
		38F7771507A08095000845FC = {
			fileEncoding = 30;
			isa = PBXFileReference;
			lastKnownFileType = sourcecode.c.c;
			path = "zzip-info.c";
			refType = 4;
			sourceTree = "<group>";
		};
		38F7771607A08095000845FC = {
			fileEncoding = 30;
			isa = PBXFileReference;
			lastKnownFileType = sourcecode.c.c;
			path = "zzip-io.c";
			refType = 4;
			sourceTree = "<group>";
		};
		38F7771707A08095000845FC = {
			fileEncoding = 30;
			isa = PBXFileReference;
			lastKnownFileType = sourcecode.c.h;
			path = "zzip-io.h";
			refType = 4;
			sourceTree = "<group>";
		};
		38F7771807A08095000845FC = {
			fileEncoding = 30;
			isa = PBXFileReference;
			lastKnownFileType = sourcecode.c.h;
			path = "zzip-msvc.h";
			refType = 4;
			sourceTree = "<group>";
		};
		38F7771907A08095000845FC = {
			fileEncoding = 30;
			isa = PBXFileReference;
			lastKnownFileType = sourcecode.c.c;
			path = "zzip-stat.c";
			refType = 4;
			sourceTree = "<group>";
		};
		38F7771A07A08095000845FC = {
			fileEncoding = 30;
			isa = PBXFileReference;
			lastKnownFileType = sourcecode.c.h;
			path = "zzip-stdint.h";
			refType = 4;
			sourceTree = "<group>";
		};
		38F7771B07A08095000845FC = {
			fileEncoding = 30;
			isa = PBXFileReference;
			lastKnownFileType = sourcecode.c.c;
			path = "zzip-zip.c";
			refType = 4;
			sourceTree = "<group>";
		};
		38F7771C07A08095000845FC = {
			fileEncoding = 30;
			isa = PBXFileReference;
			lastKnownFileType = sourcecode.c.h;
			path = zzip.h;
			refType = 4;
			sourceTree = "<group>";
		};
		38F7771D07A08095000845FC = {
			fileEncoding = 30;
			isa = PBXFileReference;
			lastKnownFileType = sourcecode.c.h;
			path = zzipformat.h;
			refType = 4;
			sourceTree = "<group>";
		};
		38F7771E07A08095000845FC = {
			fileEncoding = 30;
			isa = PBXFileReference;
			lastKnownFileType = sourcecode.c.h;
			path = zziplib.h;
			refType = 4;
			sourceTree = "<group>";
		};
		38F7771F07A08095000845FC = {
			fileEncoding = 30;
			isa = PBXFileReference;
			lastKnownFileType = sourcecode.cpp.h;
			name = common.hpp;
			path = /Users/jim/Development/uwadv/source/common.hpp;
			refType = 0;
			sourceTree = "<absolute>";
		};
		38F7772007A08095000845FC = {
			children = (
				38F7772107A08095000845FC,
				38F7772207A08095000845FC,
				38F7772307A08095000845FC,
				38F7772407A08095000845FC,
				38F7772507A08095000845FC,
				38F7772607A08095000845FC,
				38F7772707A08095000845FC,
				38F7772807A08095000845FC,
			);
			isa = PBXGroup;
			name = conv;
			path = /Users/jim/Development/uwadv/source/conv;
			refType = 0;
			sourceTree = "<absolute>";
		};
		38F7772107A08095000845FC = {
			fileEncoding = 30;
			isa = PBXFileReference;
			lastKnownFileType = sourcecode.cpp.cpp;
			path = codevm.cpp;
			refType = 4;
			sourceTree = "<group>";
		};
		38F7772207A08095000845FC = {
			fileEncoding = 30;
			isa = PBXFileReference;
			lastKnownFileType = sourcecode.cpp.h;
			path = codevm.hpp;
			refType = 4;
			sourceTree = "<group>";
		};
		38F7772307A08095000845FC = {
			fileEncoding = 30;
			isa = PBXFileReference;
			lastKnownFileType = sourcecode.cpp.cpp;
			path = convglobals.cpp;
			refType = 4;
			sourceTree = "<group>";
		};
		38F7772407A08095000845FC = {
			fileEncoding = 30;
			isa = PBXFileReference;
			lastKnownFileType = sourcecode.cpp.h;
			path = convglobals.hpp;
			refType = 4;
			sourceTree = "<group>";
		};
		38F7772507A08095000845FC = {
			fileEncoding = 30;
			isa = PBXFileReference;
			lastKnownFileType = sourcecode.cpp.cpp;
			path = convgraph.cpp;
			refType = 4;
			sourceTree = "<group>";
		};
		38F7772607A08095000845FC = {
			fileEncoding = 30;
			isa = PBXFileReference;
			lastKnownFileType = sourcecode.cpp.h;
			path = convgraph.hpp;
			refType = 4;
			sourceTree = "<group>";
		};
		38F7772707A08095000845FC = {
			fileEncoding = 30;
			isa = PBXFileReference;
			lastKnownFileType = sourcecode.cpp.h;
			path = convstack.hpp;
			refType = 4;
			sourceTree = "<group>";
		};
		38F7772807A08095000845FC = {
			fileEncoding = 30;
			isa = PBXFileReference;
			lastKnownFileType = sourcecode.cpp.h;
			path = opcodes.hpp;
			refType = 4;
			sourceTree = "<group>";
		};
		38F7772907A08095000845FC = {
			fileEncoding = 30;
			isa = PBXFileReference;
			lastKnownFileType = sourcecode.cpp.h;
			name = dbgserver.hpp;
			path = /Users/jim/Development/uwadv/source/dbgserver.hpp;
			refType = 0;
			sourceTree = "<absolute>";
		};
		38F7772A07A08095000845FC = {
			fileEncoding = 30;
			isa = PBXFileReference;
			lastKnownFileType = sourcecode.cpp.cpp;
			name = debug.cpp;
			path = /Users/jim/Development/uwadv/source/debug.cpp;
			refType = 0;
			sourceTree = "<absolute>";
		};
		38F7772B07A08095000845FC = {
			fileEncoding = 30;
			isa = PBXFileReference;
			lastKnownFileType = sourcecode.cpp.h;
			name = debug.hpp;
			path = /Users/jim/Development/uwadv/source/debug.hpp;
			refType = 0;
			sourceTree = "<absolute>";
		};
		38F7772C07A08095000845FC = {
			fileEncoding = 30;
			isa = PBXFileReference;
			lastKnownFileType = sourcecode.cpp.h;
			name = game_interface.hpp;
			path = /Users/jim/Development/uwadv/source/game_interface.hpp;
			refType = 0;
			sourceTree = "<absolute>";
		};
		38F7772D07A08095000845FC = {
			fileEncoding = 30;
			isa = PBXFileReference;
			lastKnownFileType = sourcecode.cpp.cpp;
			name = gamecfg.cpp;
			path = /Users/jim/Development/uwadv/source/gamecfg.cpp;
			refType = 0;
			sourceTree = "<absolute>";
		};
		38F7772E07A08095000845FC = {
			fileEncoding = 30;
			isa = PBXFileReference;
			lastKnownFileType = sourcecode.cpp.h;
			name = gamecfg.hpp;
			path = /Users/jim/Development/uwadv/source/gamecfg.hpp;
			refType = 0;
			sourceTree = "<absolute>";
		};
		38F7772F07A08095000845FC = {
			fileEncoding = 30;
			isa = PBXFileReference;
			lastKnownFileType = sourcecode.cpp.cpp;
			name = gamestrings.cpp;
			path = /Users/jim/Development/uwadv/source/gamestrings.cpp;
			refType = 0;
			sourceTree = "<absolute>";
		};
		38F7773007A08095000845FC = {
			fileEncoding = 30;
			isa = PBXFileReference;
			lastKnownFileType = sourcecode.cpp.h;
			name = gamestrings.hpp;
			path = /Users/jim/Development/uwadv/source/gamestrings.hpp;
			refType = 0;
			sourceTree = "<absolute>";
		};
		38F7773107A08095000845FC = {
			children = (
				38F7773207A08095000845FC,
				38F7773307A08095000845FC,
				38F7773407A08095000845FC,
				38F7773507A08095000845FC,
				38F7773607A08095000845FC,
				38F7773707A08095000845FC,
				38F7773807A08095000845FC,
				38F7773907A08095000845FC,
				38F7773A07A08095000845FC,
				38F7773B07A08095000845FC,
				38F7773C07A08095000845FC,
				38F7773D07A08095000845FC,
				38F7773E07A08095000845FC,
				38F7773F07A08095000845FC,
				38F7774007A08095000845FC,
				38F7774107A08095000845FC,
				38F7774207A08095000845FC,
				38F7774307A08095000845FC,
			);
			isa = PBXGroup;
			name = import;
			path = /Users/jim/Development/uwadv/source/import;
			refType = 0;
			sourceTree = "<absolute>";
		};
		38F7773207A08095000845FC = {
			fileEncoding = 30;
			isa = PBXFileReference;
			lastKnownFileType = sourcecode.cpp.cpp;
			path = convloader.cpp;
			refType = 4;
			sourceTree = "<group>";
		};
		38F7773307A08095000845FC = {
			fileEncoding = 30;
			isa = PBXFileReference;
			lastKnownFileType = sourcecode.cpp.cpp;
			path = critloader.cpp;
			refType = 4;
			sourceTree = "<group>";
		};
		38F7773407A08095000845FC = {
			fileEncoding = 30;
			isa = PBXFileReference;
			lastKnownFileType = sourcecode.cpp.cpp;
			path = cutsloader.cpp;
			refType = 4;
			sourceTree = "<group>";
		};
		38F7773507A08095000845FC = {
			fileEncoding = 30;
			isa = PBXFileReference;
			lastKnownFileType = sourcecode.cpp.cpp;
			path = fontloader.cpp;
			refType = 4;
			sourceTree = "<group>";
		};
		38F7773607A08095000845FC = {
			fileEncoding = 30;
			isa = PBXFileReference;
			lastKnownFileType = sourcecode.cpp.cpp;
			path = imageloader.cpp;
			refType = 4;
			sourceTree = "<group>";
		};
		38F7773707A08095000845FC = {
			fileEncoding = 30;
			isa = PBXFileReference;
			lastKnownFileType = sourcecode.cpp.h;
			path = import.hpp;
			refType = 4;
			sourceTree = "<group>";
		};
		38F7773807A08095000845FC = {
			fileEncoding = 30;
			isa = PBXFileReference;
			lastKnownFileType = sourcecode.cpp.h;
			path = importgfx.hpp;
			refType = 4;
			sourceTree = "<group>";
		};
		38F7773907A08095000845FC = {
			fileEncoding = 30;
			isa = PBXFileReference;
			lastKnownFileType = sourcecode.cpp.h;
			path = io_endian.hpp;
			refType = 4;
			sourceTree = "<group>";
		};
		38F7773A07A08095000845FC = {
			fileEncoding = 30;
			isa = PBXFileReference;
			lastKnownFileType = sourcecode.cpp.cpp;
			path = maploader.cpp;
			refType = 4;
			sourceTree = "<group>";
		};
		38F7773B07A08095000845FC = {
			fileEncoding = 30;
			isa = PBXFileReference;
			lastKnownFileType = sourcecode.cpp.cpp;
			path = modeldecode.cpp;
			refType = 4;
			sourceTree = "<group>";
		};
		38F7773C07A08095000845FC = {
			fileEncoding = 30;
			isa = PBXFileReference;
			lastKnownFileType = sourcecode.cpp.cpp;
			path = objloader.cpp;
			refType = 4;
			sourceTree = "<group>";
		};
		38F7773D07A08095000845FC = {
			fileEncoding = 30;
			isa = PBXFileReference;
			lastKnownFileType = sourcecode.cpp.cpp;
			path = playerimport.cpp;
			refType = 4;
			sourceTree = "<group>";
		};
		38F7773E07A08095000845FC = {
			fileEncoding = 30;
			isa = PBXFileReference;
			lastKnownFileType = sourcecode.cpp.cpp;
			path = proploader.cpp;
			refType = 4;
			sourceTree = "<group>";
		};
		38F7773F07A08095000845FC = {
			fileEncoding = 30;
			isa = PBXFileReference;
			lastKnownFileType = sourcecode.cpp.cpp;
			path = stringsloader.cpp;
			refType = 4;
			sourceTree = "<group>";
		};
		38F7774007A08095000845FC = {
			fileEncoding = 30;
			isa = PBXFileReference;
			lastKnownFileType = sourcecode.cpp.cpp;
			path = texloader.cpp;
			refType = 4;
			sourceTree = "<group>";
		};
		38F7774107A08095000845FC = {
			fileEncoding = 30;
			isa = PBXFileReference;
			lastKnownFileType = sourcecode.cpp.cpp;
			path = tgaimport.cpp;
			refType = 4;
			sourceTree = "<group>";
		};
		38F7774207A08095000845FC = {
			fileEncoding = 30;
			isa = PBXFileReference;
			lastKnownFileType = sourcecode.cpp.cpp;
			path = uw2dec.cpp;
			refType = 4;
			sourceTree = "<group>";
		};
		38F7774307A08095000845FC = {
			fileEncoding = 30;
			isa = PBXFileReference;
			lastKnownFileType = sourcecode.cpp.cpp;
			path = uwloader.cpp;
			refType = 4;
			sourceTree = "<group>";
		};
		38F7774407A08095000845FC = {
			fileEncoding = 30;
			isa = PBXFileReference;
			lastKnownFileType = sourcecode.cpp.cpp;
			name = main.cpp;
			path = /Users/jim/Development/uwadv/source/main.cpp;
			refType = 0;
			sourceTree = "<absolute>";
		};
		38F7774507A08095000845FC = {
			children = (
				38F7774607A08095000845FC,
				38F7774707A08095000845FC,
				38F7774807A08095000845FC,
				38F7774907A08095000845FC,
				38F7774A07A08095000845FC,
				38F7774B07A08095000845FC,
				38F7774C07A08095000845FC,
				38F7774D07A08095000845FC,
				38F7774E07A08095000845FC,
				38F7774F07A08095000845FC,
				38F7775007A08095000845FC,
				38F7775107A08095000845FC,
				38F7775207A08095000845FC,
				38F7775307A08095000845FC,
				38F7775407A08095000845FC,
				38F7775507A08095000845FC,
			);
			isa = PBXGroup;
			name = renderer;
			path = /Users/jim/Development/uwadv/source/renderer;
			refType = 0;
			sourceTree = "<absolute>";
		};
		38F7774607A08095000845FC = {
			fileEncoding = 30;
			isa = PBXFileReference;
			lastKnownFileType = sourcecode.cpp.cpp;
			path = critter.cpp;
			refType = 4;
			sourceTree = "<group>";
		};
		38F7774707A08095000845FC = {
			fileEncoding = 30;
			isa = PBXFileReference;
			lastKnownFileType = sourcecode.cpp.h;
			path = critter.hpp;
			refType = 4;
			sourceTree = "<group>";
		};
		38F7774807A08095000845FC = {
			fileEncoding = 30;
			isa = PBXFileReference;
			lastKnownFileType = sourcecode.cpp.cpp;
			path = model_builtin.cpp;
			refType = 4;
			sourceTree = "<group>";
		};
		38F7774907A08095000845FC = {
			fileEncoding = 30;
			isa = PBXFileReference;
			lastKnownFileType = sourcecode.cpp.h;
			path = model_builtin.hpp;
			refType = 4;
			sourceTree = "<group>";
		};
		38F7774A07A08095000845FC = {
			fileEncoding = 30;
			isa = PBXFileReference;
			lastKnownFileType = sourcecode.cpp.cpp;
			path = models.cpp;
			refType = 4;
			sourceTree = "<group>";
		};
		38F7774B07A08095000845FC = {
			fileEncoding = 30;
			isa = PBXFileReference;
			lastKnownFileType = sourcecode.cpp.h;
			path = models.hpp;
			refType = 4;
			sourceTree = "<group>";
		};
		38F7774C07A08095000845FC = {
			fileEncoding = 30;
			isa = PBXFileReference;
			lastKnownFileType = sourcecode.cpp.cpp;
			path = quadtree.cpp;
			refType = 4;
			sourceTree = "<group>";
		};
		38F7774D07A08095000845FC = {
			fileEncoding = 30;
			isa = PBXFileReference;
			lastKnownFileType = sourcecode.cpp.h;
			path = quadtree.hpp;
			refType = 4;
			sourceTree = "<group>";
		};
		38F7774E07A08095000845FC = {
			fileEncoding = 30;
			isa = PBXFileReference;
			lastKnownFileType = sourcecode.cpp.cpp;
			path = renderer.cpp;
			refType = 4;
			sourceTree = "<group>";
		};
		38F7774F07A08095000845FC = {
			fileEncoding = 30;
			isa = PBXFileReference;
			lastKnownFileType = sourcecode.cpp.h;
			path = renderer.hpp;
			refType = 4;
			sourceTree = "<group>";
		};
		38F7775007A08095000845FC = {
			fileEncoding = 30;
			isa = PBXFileReference;
			lastKnownFileType = sourcecode.cpp.cpp;
			path = renderer_impl.cpp;
			refType = 4;
			sourceTree = "<group>";
		};
		38F7775107A08095000845FC = {
			fileEncoding = 30;
			isa = PBXFileReference;
			lastKnownFileType = sourcecode.cpp.h;
			path = renderer_impl.hpp;
			refType = 4;
			sourceTree = "<group>";
		};
		38F7775207A08095000845FC = {
			fileEncoding = 30;
			isa = PBXFileReference;
			lastKnownFileType = sourcecode.cpp.cpp;
			path = tessellator.cpp;
			refType = 4;
			sourceTree = "<group>";
		};
		38F7775307A08095000845FC = {
			fileEncoding = 30;
			isa = PBXFileReference;
			lastKnownFileType = sourcecode.cpp.h;
			path = tessellator.hpp;
			refType = 4;
			sourceTree = "<group>";
		};
		38F7775407A08095000845FC = {
			fileEncoding = 30;
			isa = PBXFileReference;
			lastKnownFileType = sourcecode.cpp.cpp;
			path = texture.cpp;
			refType = 4;
			sourceTree = "<group>";
		};
		38F7775507A08095000845FC = {
			fileEncoding = 30;
			isa = PBXFileReference;
			lastKnownFileType = sourcecode.cpp.h;
			path = texture.hpp;
			refType = 4;
			sourceTree = "<group>";
		};
		38F7775607A08095000845FC = {
			children = (
				38F7775707A08095000845FC,
				38F7775807A08095000845FC,
				38F7775907A08095000845FC,
				38F7775A07A08095000845FC,
				38F7775B07A08095000845FC,
				38F7775C07A08095000845FC,
				38F7775D07A08095000845FC,
				38F7775E07A08095000845FC,
				38F7775F07A08095000845FC,
				38F7776007A08095000845FC,
				38F7776107A08095000845FC,
				38F7776207A08095000845FC,
				38F7776307A08095000845FC,
				38F7776407A08095000845FC,
				38F7776507A08095000845FC,
				38F7776607A08095000845FC,
				38F7776707A08095000845FC,
				38F7776807A08095000845FC,
				38F7776907A08095000845FC,
				38F7776A07A08095000845FC,
				38F7776B07A08095000845FC,
				38F7776C07A08095000845FC,
				38F7776D07A08095000845FC,
				38F7776E07A08095000845FC,
			);
			isa = PBXGroup;
			name = screens;
			path = /Users/jim/Development/uwadv/source/screens;
			refType = 0;
			sourceTree = "<absolute>";
		};
		38F7775707A08095000845FC = {
			fileEncoding = 30;
			isa = PBXFileReference;
			lastKnownFileType = sourcecode.cpp.cpp;
			path = acknowledgements.cpp;
			refType = 4;
			sourceTree = "<group>";
		};
		38F7775807A08095000845FC = {
			fileEncoding = 30;
			isa = PBXFileReference;
			lastKnownFileType = sourcecode.cpp.h;
			path = acknowledgements.hpp;
			refType = 4;
			sourceTree = "<group>";
		};
		38F7775907A08095000845FC = {
			fileEncoding = 30;
			isa = PBXFileReference;
			lastKnownFileType = sourcecode.cpp.cpp;
			path = conversation.cpp;
			refType = 4;
			sourceTree = "<group>";
		};
		38F7775A07A08095000845FC = {
			fileEncoding = 30;
			isa = PBXFileReference;
			lastKnownFileType = sourcecode.cpp.h;
			path = conversation.hpp;
			refType = 4;
			sourceTree = "<group>";
		};
		38F7775B07A08095000845FC = {
			fileEncoding = 30;
			isa = PBXFileReference;
			lastKnownFileType = sourcecode.cpp.cpp;
			path = create_character.cpp;
			refType = 4;
			sourceTree = "<group>";
		};
		38F7775C07A08095000845FC = {
			fileEncoding = 30;
			isa = PBXFileReference;
			lastKnownFileType = sourcecode.cpp.h;
			path = create_character.hpp;
			refType = 4;
			sourceTree = "<group>";
		};
		38F7775D07A08095000845FC = {
			fileEncoding = 30;
			isa = PBXFileReference;
			lastKnownFileType = sourcecode.cpp.cpp;
			path = cutscene_view.cpp;
			refType = 4;
			sourceTree = "<group>";
		};
		38F7775E07A08095000845FC = {
			fileEncoding = 30;
			isa = PBXFileReference;
			lastKnownFileType = sourcecode.cpp.h;
			path = cutscene_view.hpp;
			refType = 4;
			sourceTree = "<group>";
		};
		38F7775F07A08095000845FC = {
			fileEncoding = 30;
			isa = PBXFileReference;
			lastKnownFileType = sourcecode.cpp.cpp;
			path = ingame_ctrls.cpp;
			refType = 4;
			sourceTree = "<group>";
		};
		38F7776007A08095000845FC = {
			fileEncoding = 30;
			isa = PBXFileReference;
			lastKnownFileType = sourcecode.cpp.h;
			path = ingame_ctrls.hpp;
			refType = 4;
			sourceTree = "<group>";
		};
		38F7776107A08095000845FC = {
			fileEncoding = 30;
			isa = PBXFileReference;
			lastKnownFileType = sourcecode.cpp.cpp;
			path = ingame_orig.cpp;
			refType = 4;
			sourceTree = "<group>";
		};
		38F7776207A08095000845FC = {
			fileEncoding = 30;
			isa = PBXFileReference;
			lastKnownFileType = sourcecode.cpp.h;
			path = ingame_orig.hpp;
			refType = 4;
			sourceTree = "<group>";
		};
		38F7776307A08095000845FC = {
			fileEncoding = 30;
			isa = PBXFileReference;
			lastKnownFileType = sourcecode.cpp.cpp;
			path = map_view.cpp;
			refType = 4;
			sourceTree = "<group>";
		};
		38F7776407A08095000845FC = {
			fileEncoding = 30;
			isa = PBXFileReference;
			lastKnownFileType = sourcecode.cpp.h;
			path = map_view.hpp;
			refType = 4;
			sourceTree = "<group>";
		};
		38F7776507A08095000845FC = {
			fileEncoding = 30;
			isa = PBXFileReference;
			lastKnownFileType = sourcecode.cpp.cpp;
			path = panel.cpp;
			refType = 4;
			sourceTree = "<group>";
		};
		38F7776607A08095000845FC = {
			fileEncoding = 30;
			isa = PBXFileReference;
			lastKnownFileType = sourcecode.cpp.h;
			path = panel.hpp;
			refType = 4;
			sourceTree = "<group>";
		};
		38F7776707A08095000845FC = {
			fileEncoding = 30;
			isa = PBXFileReference;
			lastKnownFileType = sourcecode.cpp.cpp;
			path = save_game.cpp;
			refType = 4;
			sourceTree = "<group>";
		};
		38F7776807A08095000845FC = {
			fileEncoding = 30;
			isa = PBXFileReference;
			lastKnownFileType = sourcecode.cpp.h;
			path = save_game.hpp;
			refType = 4;
			sourceTree = "<group>";
		};
		38F7776907A08095000845FC = {
			fileEncoding = 30;
			isa = PBXFileReference;
			lastKnownFileType = sourcecode.cpp.cpp;
			path = start_menu.cpp;
			refType = 4;
			sourceTree = "<group>";
		};
		38F7776A07A08095000845FC = {
			fileEncoding = 30;
			isa = PBXFileReference;
			lastKnownFileType = sourcecode.cpp.h;
			path = start_menu.hpp;
			refType = 4;
			sourceTree = "<group>";
		};
		38F7776B07A08095000845FC = {
			fileEncoding = 30;
			isa = PBXFileReference;
			lastKnownFileType = sourcecode.cpp.cpp;
			path = start_splash.cpp;
			refType = 4;
			sourceTree = "<group>";
		};
		38F7776C07A08095000845FC = {
			fileEncoding = 30;
			isa = PBXFileReference;
			lastKnownFileType = sourcecode.cpp.h;
			path = start_splash.hpp;
			refType = 4;
			sourceTree = "<group>";
		};
		38F7776D07A08095000845FC = {
			fileEncoding = 30;
			isa = PBXFileReference;
			lastKnownFileType = sourcecode.cpp.cpp;
			path = uwadv_menu.cpp;
			refType = 4;
			sourceTree = "<group>";
		};
		38F7776E07A08095000845FC = {
			fileEncoding = 30;
			isa = PBXFileReference;
			lastKnownFileType = sourcecode.cpp.h;
			path = uwadv_menu.hpp;
			refType = 4;
			sourceTree = "<group>";
		};
		38F7776F07A08095000845FC = {
			children = (
				38F7777007A08095000845FC,
				38F777BA07A08095000845FC,
				38F777BB07A08095000845FC,
				38F777BD07A08095000845FC,
			);
			isa = PBXGroup;
			name = script;
			path = /Users/jim/Development/uwadv/source/script;
			refType = 0;
			sourceTree = "<absolute>";
		};
		38F7777007A08095000845FC = {
			children = (
				38F7777607A08095000845FC,
				38F7778007A08095000845FC,
			);
			isa = PBXGroup;
			path = lua;
			refType = 4;
			sourceTree = "<group>";
		};
		38F7777607A08095000845FC = {
			children = (
				38F7777707A08095000845FC,
				38F7777807A08095000845FC,
				38F7777907A08095000845FC,
				38F7777A07A08095000845FC,
			);
			isa = PBXGroup;
			path = include;
			refType = 4;
			sourceTree = "<group>";
		};
		38F7777707A08095000845FC = {
			fileEncoding = 30;
			isa = PBXFileReference;
			lastKnownFileType = sourcecode.c.h;
			path = lauxlib.h;
			refType = 4;
			sourceTree = "<group>";
		};
		38F7777807A08095000845FC = {
			fileEncoding = 30;
			isa = PBXFileReference;
			lastKnownFileType = sourcecode.c.h;
			path = lua.h;
			refType = 4;
			sourceTree = "<group>";
		};
		38F7777907A08095000845FC = {
			fileEncoding = 30;
			isa = PBXFileReference;
			lastKnownFileType = sourcecode.c.h;
			path = luadebug.h;
			refType = 4;
			sourceTree = "<group>";
		};
		38F7777A07A08095000845FC = {
			fileEncoding = 30;
			isa = PBXFileReference;
			lastKnownFileType = sourcecode.c.h;
			path = lualib.h;
			refType = 4;
			sourceTree = "<group>";
		};
		38F7778007A08095000845FC = {
			children = (
				38F7778107A08095000845FC,
				38F7778207A08095000845FC,
				38F7778307A08095000845FC,
				38F7778407A08095000845FC,
				38F7778507A08095000845FC,
				38F7778607A08095000845FC,
				38F7778707A08095000845FC,
				38F7778807A08095000845FC,
				38F7778907A08095000845FC,
				38F7778A07A08095000845FC,
				38F7778B07A08095000845FC,
				38F7778C07A08095000845FC,
				38F7778D07A08095000845FC,
				38F7779607A08095000845FC,
				38F7779707A08095000845FC,
				38F7779807A08095000845FC,
				38F7779907A08095000845FC,
				38F7779A07A08095000845FC,
				38F7779B07A08095000845FC,
				38F7779C07A08095000845FC,
				38F7779D07A08095000845FC,
				38F7779E07A08095000845FC,
				38F7779F07A08095000845FC,
				38F777A007A08095000845FC,
				38F777A107A08095000845FC,
				38F777A207A08095000845FC,
				38F777A307A08095000845FC,
				38F777A407A08095000845FC,
				38F777A507A08095000845FC,
				38F777A607A08095000845FC,
				38F777A707A08095000845FC,
				38F777A807A08095000845FC,
				38F777A907A08095000845FC,
				38F777B307A08095000845FC,
				38F777B407A08095000845FC,
				38F777B507A08095000845FC,
				38F777B607A08095000845FC,
				38F777B707A08095000845FC,
				38F777B807A08095000845FC,
			);
			isa = PBXGroup;
			path = src;
			refType = 4;
			sourceTree = "<group>";
		};
		38F7778107A08095000845FC = {
			fileEncoding = 30;
			isa = PBXFileReference;
			lastKnownFileType = sourcecode.c.c;
			path = lapi.c;
			refType = 4;
			sourceTree = "<group>";
		};
		38F7778207A08095000845FC = {
			fileEncoding = 30;
			isa = PBXFileReference;
			lastKnownFileType = sourcecode.c.h;
			path = lapi.h;
			refType = 4;
			sourceTree = "<group>";
		};
		38F7778307A08095000845FC = {
			fileEncoding = 30;
			isa = PBXFileReference;
			lastKnownFileType = sourcecode.c.c;
			path = lcode.c;
			refType = 4;
			sourceTree = "<group>";
		};
		38F7778407A08095000845FC = {
			fileEncoding = 30;
			isa = PBXFileReference;
			lastKnownFileType = sourcecode.c.h;
			path = lcode.h;
			refType = 4;
			sourceTree = "<group>";
		};
		38F7778507A08095000845FC = {
			fileEncoding = 30;
			isa = PBXFileReference;
			lastKnownFileType = sourcecode.c.c;
			path = ldebug.c;
			refType = 4;
			sourceTree = "<group>";
		};
		38F7778607A08095000845FC = {
			fileEncoding = 30;
			isa = PBXFileReference;
			lastKnownFileType = sourcecode.c.h;
			path = ldebug.h;
			refType = 4;
			sourceTree = "<group>";
		};
		38F7778707A08095000845FC = {
			fileEncoding = 30;
			isa = PBXFileReference;
			lastKnownFileType = sourcecode.c.c;
			path = ldo.c;
			refType = 4;
			sourceTree = "<group>";
		};
		38F7778807A08095000845FC = {
			fileEncoding = 30;
			isa = PBXFileReference;
			lastKnownFileType = sourcecode.c.h;
			path = ldo.h;
			refType = 4;
			sourceTree = "<group>";
		};
		38F7778907A08095000845FC = {
			fileEncoding = 30;
			isa = PBXFileReference;
			lastKnownFileType = sourcecode.c.c;
			path = lfunc.c;
			refType = 4;
			sourceTree = "<group>";
		};
		38F7778A07A08095000845FC = {
			fileEncoding = 30;
			isa = PBXFileReference;
			lastKnownFileType = sourcecode.c.h;
			path = lfunc.h;
			refType = 4;
			sourceTree = "<group>";
		};
		38F7778B07A08095000845FC = {
			fileEncoding = 30;
			isa = PBXFileReference;
			lastKnownFileType = sourcecode.c.c;
			path = lgc.c;
			refType = 4;
			sourceTree = "<group>";
		};
		38F7778C07A08095000845FC = {
			fileEncoding = 30;
			isa = PBXFileReference;
			lastKnownFileType = sourcecode.c.h;
			path = lgc.h;
			refType = 4;
			sourceTree = "<group>";
		};
		38F7778D07A08095000845FC = {
			children = (
				38F7778E07A08095000845FC,
				38F7778F07A08095000845FC,
				38F7779007A08095000845FC,
				38F7779107A08095000845FC,
				38F7779207A08095000845FC,
				38F7779307A08095000845FC,
			);
			isa = PBXGroup;
			path = lib;
			refType = 4;
			sourceTree = "<group>";
		};
		38F7778E07A08095000845FC = {
			fileEncoding = 30;
			isa = PBXFileReference;
			lastKnownFileType = sourcecode.c.c;
			path = lauxlib.c;
			refType = 4;
			sourceTree = "<group>";
		};
		38F7778F07A08095000845FC = {
			fileEncoding = 30;
			isa = PBXFileReference;
			lastKnownFileType = sourcecode.c.c;
			path = lbaselib.c;
			refType = 4;
			sourceTree = "<group>";
		};
		38F7779007A08095000845FC = {
			fileEncoding = 30;
			isa = PBXFileReference;
			lastKnownFileType = sourcecode.c.c;
			path = ldblib.c;
			refType = 4;
			sourceTree = "<group>";
		};
		38F7779107A08095000845FC = {
			fileEncoding = 30;
			isa = PBXFileReference;
			lastKnownFileType = sourcecode.c.c;
			path = liolib.c;
			refType = 4;
			sourceTree = "<group>";
		};
		38F7779207A08095000845FC = {
			fileEncoding = 30;
			isa = PBXFileReference;
			lastKnownFileType = sourcecode.c.c;
			path = lmathlib.c;
			refType = 4;
			sourceTree = "<group>";
		};
		38F7779307A08095000845FC = {
			fileEncoding = 30;
			isa = PBXFileReference;
			lastKnownFileType = sourcecode.c.c;
			path = lstrlib.c;
			refType = 4;
			sourceTree = "<group>";
		};
		38F7779607A08095000845FC = {
			fileEncoding = 30;
			isa = PBXFileReference;
			lastKnownFileType = sourcecode.c.c;
			path = llex.c;
			refType = 4;
			sourceTree = "<group>";
		};
		38F7779707A08095000845FC = {
			fileEncoding = 30;
			isa = PBXFileReference;
			lastKnownFileType = sourcecode.c.h;
			path = llex.h;
			refType = 4;
			sourceTree = "<group>";
		};
		38F7779807A08095000845FC = {
			fileEncoding = 30;
			isa = PBXFileReference;
			lastKnownFileType = sourcecode.c.h;
			path = llimits.h;
			refType = 4;
			sourceTree = "<group>";
		};
		38F7779907A08095000845FC = {
			fileEncoding = 30;
			isa = PBXFileReference;
			lastKnownFileType = sourcecode.c.c;
			path = lmem.c;
			refType = 4;
			sourceTree = "<group>";
		};
		38F7779A07A08095000845FC = {
			fileEncoding = 30;
			isa = PBXFileReference;
			lastKnownFileType = sourcecode.c.h;
			path = lmem.h;
			refType = 4;
			sourceTree = "<group>";
		};
		38F7779B07A08095000845FC = {
			fileEncoding = 30;
			isa = PBXFileReference;
			lastKnownFileType = sourcecode.c.c;
			path = lobject.c;
			refType = 4;
			sourceTree = "<group>";
		};
		38F7779C07A08095000845FC = {
			fileEncoding = 30;
			isa = PBXFileReference;
			lastKnownFileType = sourcecode.c.h;
			path = lobject.h;
			refType = 4;
			sourceTree = "<group>";
		};
		38F7779D07A08095000845FC = {
			fileEncoding = 30;
			isa = PBXFileReference;
			lastKnownFileType = sourcecode.c.h;
			path = lopcodes.h;
			refType = 4;
			sourceTree = "<group>";
		};
		38F7779E07A08095000845FC = {
			fileEncoding = 30;
			isa = PBXFileReference;
			lastKnownFileType = sourcecode.c.c;
			path = lparser.c;
			refType = 4;
			sourceTree = "<group>";
		};
		38F7779F07A08095000845FC = {
			fileEncoding = 30;
			isa = PBXFileReference;
			lastKnownFileType = sourcecode.c.h;
			path = lparser.h;
			refType = 4;
			sourceTree = "<group>";
		};
		38F777A007A08095000845FC = {
			fileEncoding = 30;
			isa = PBXFileReference;
			lastKnownFileType = sourcecode.c.c;
			path = lstate.c;
			refType = 4;
			sourceTree = "<group>";
		};
		38F777A107A08095000845FC = {
			fileEncoding = 30;
			isa = PBXFileReference;
			lastKnownFileType = sourcecode.c.h;
			path = lstate.h;
			refType = 4;
			sourceTree = "<group>";
		};
		38F777A207A08095000845FC = {
			fileEncoding = 30;
			isa = PBXFileReference;
			lastKnownFileType = sourcecode.c.c;
			path = lstring.c;
			refType = 4;
			sourceTree = "<group>";
		};
		38F777A307A08095000845FC = {
			fileEncoding = 30;
			isa = PBXFileReference;
			lastKnownFileType = sourcecode.c.h;
			path = lstring.h;
			refType = 4;
			sourceTree = "<group>";
		};
		38F777A407A08095000845FC = {
			fileEncoding = 30;
			isa = PBXFileReference;
			lastKnownFileType = sourcecode.c.c;
			path = ltable.c;
			refType = 4;
			sourceTree = "<group>";
		};
		38F777A507A08095000845FC = {
			fileEncoding = 30;
			isa = PBXFileReference;
			lastKnownFileType = sourcecode.c.h;
			path = ltable.h;
			refType = 4;
			sourceTree = "<group>";
		};
		38F777A607A08095000845FC = {
			fileEncoding = 30;
			isa = PBXFileReference;
			lastKnownFileType = sourcecode.c.c;
			path = ltests.c;
			refType = 4;
			sourceTree = "<group>";
		};
		38F777A707A08095000845FC = {
			fileEncoding = 30;
			isa = PBXFileReference;
			lastKnownFileType = sourcecode.c.c;
			path = ltm.c;
			refType = 4;
			sourceTree = "<group>";
		};
		38F777A807A08095000845FC = {
			fileEncoding = 30;
			isa = PBXFileReference;
			lastKnownFileType = sourcecode.c.h;
			path = ltm.h;
			refType = 4;
			sourceTree = "<group>";
		};
		38F777A907A08095000845FC = {
			children = (
				38F777AA07A08095000845FC,
				38F777AB07A08095000845FC,
				38F777AC07A08095000845FC,
				38F777AE07A08095000845FC,
				38F777AF07A08095000845FC,
				38F777B007A08095000845FC,
				38F777B207A08095000845FC,
			);
			isa = PBXGroup;
			path = luac;
			refType = 4;
			sourceTree = "<group>";
		};
		38F777AA07A08095000845FC = {
			fileEncoding = 30;
			isa = PBXFileReference;
			lastKnownFileType = sourcecode.c.c;
			path = dump.c;
			refType = 4;
			sourceTree = "<group>";
		};
		38F777AB07A08095000845FC = {
			fileEncoding = 30;
			isa = PBXFileReference;
			lastKnownFileType = sourcecode.c.c;
			path = luac.c;
			refType = 4;
			sourceTree = "<group>";
		};
		38F777AC07A08095000845FC = {
			fileEncoding = 30;
			isa = PBXFileReference;
			lastKnownFileType = sourcecode.c.h;
			path = luac.h;
			refType = 4;
			sourceTree = "<group>";
		};
		38F777AE07A08095000845FC = {
			fileEncoding = 30;
			isa = PBXFileReference;
			lastKnownFileType = sourcecode.c.c;
			path = opt.c;
			refType = 4;
			sourceTree = "<group>";
		};
		38F777AF07A08095000845FC = {
			fileEncoding = 30;
			isa = PBXFileReference;
			lastKnownFileType = sourcecode.c.c;
			path = print.c;
			refType = 4;
			sourceTree = "<group>";
		};
		38F777B007A08095000845FC = {
			fileEncoding = 30;
			isa = PBXFileReference;
			lastKnownFileType = sourcecode.c.h;
			path = print.h;
			refType = 4;
			sourceTree = "<group>";
		};
		38F777B207A08095000845FC = {
			fileEncoding = 30;
			isa = PBXFileReference;
			lastKnownFileType = sourcecode.c.c;
			path = stubs.c;
			refType = 4;
			sourceTree = "<group>";
		};
		38F777B307A08095000845FC = {
			fileEncoding = 30;
			isa = PBXFileReference;
			lastKnownFileType = sourcecode.c.c;
			path = lundump.c;
			refType = 4;
			sourceTree = "<group>";
		};
		38F777B407A08095000845FC = {
			fileEncoding = 30;
			isa = PBXFileReference;
			lastKnownFileType = sourcecode.c.h;
			path = lundump.h;
			refType = 4;
			sourceTree = "<group>";
		};
		38F777B507A08095000845FC = {
			fileEncoding = 30;
			isa = PBXFileReference;
			lastKnownFileType = sourcecode.c.c;
			path = lvm.c;
			refType = 4;
			sourceTree = "<group>";
		};
		38F777B607A08095000845FC = {
			fileEncoding = 30;
			isa = PBXFileReference;
			lastKnownFileType = sourcecode.c.h;
			path = lvm.h;
			refType = 4;
			sourceTree = "<group>";
		};
		38F777B707A08095000845FC = {
			fileEncoding = 30;
			isa = PBXFileReference;
			lastKnownFileType = sourcecode.c.c;
			path = lzio.c;
			refType = 4;
			sourceTree = "<group>";
		};
		38F777B807A08095000845FC = {
			fileEncoding = 30;
			isa = PBXFileReference;
			lastKnownFileType = sourcecode.c.h;
			path = lzio.h;
			refType = 4;
			sourceTree = "<group>";
		};
		38F777BA07A08095000845FC = {
			fileEncoding = 30;
			isa = PBXFileReference;
			lastKnownFileType = sourcecode.cpp.cpp;
			path = luascript.cpp;
			refType = 4;
			sourceTree = "<group>";
		};
		38F777BB07A08095000845FC = {
			fileEncoding = 30;
			isa = PBXFileReference;
			lastKnownFileType = sourcecode.cpp.h;
			path = luascript.hpp;
			refType = 4;
			sourceTree = "<group>";
		};
		38F777BD07A08095000845FC = {
			fileEncoding = 30;
			isa = PBXFileReference;
			lastKnownFileType = sourcecode.cpp.h;
			path = scripting.hpp;
			refType = 4;
			sourceTree = "<group>";
		};
		38F777BE07A08095000845FC = {
			children = (
				38F777BF07A08095000845FC,
				38F777C007A08095000845FC,
				38F777C107A08095000845FC,
				38F777C207A08095000845FC,
				38F777C307A08095000845FC,
				38F777C407A08095000845FC,
				38F777C507A08095000845FC,
				38F777C607A08095000845FC,
				38F777C707A08095000845FC,
				38F777C807A08095000845FC,
				38F777C907A08095000845FC,
				38F777CA07A08095000845FC,
				38F777CB07A08095000845FC,
				38F777CC07A08095000845FC,
				38F777CD07A08095000845FC,
				38F777CE07A08095000845FC,
				38F777CF07A08095000845FC,
				38F777D007A08095000845FC,
				38F777D107A08095000845FC,
			);
			isa = PBXGroup;
			name = ui;
			path = /Users/jim/Development/uwadv/source/ui;
			refType = 0;
			sourceTree = "<absolute>";
		};
		38F777BF07A08095000845FC = {
			fileEncoding = 30;
			isa = PBXFileReference;
			lastKnownFileType = sourcecode.cpp.cpp;
			path = cutscene.cpp;
			refType = 4;
			sourceTree = "<group>";
		};
		38F777C007A08095000845FC = {
			fileEncoding = 30;
			isa = PBXFileReference;
			lastKnownFileType = sourcecode.cpp.h;
			path = cutscene.hpp;
			refType = 4;
			sourceTree = "<group>";
		};
		38F777C107A08095000845FC = {
			fileEncoding = 30;
			isa = PBXFileReference;
			lastKnownFileType = sourcecode.cpp.h;
			path = fading.hpp;
			refType = 4;
			sourceTree = "<group>";
		};
		38F777C207A08095000845FC = {
			fileEncoding = 30;
			isa = PBXFileReference;
			lastKnownFileType = sourcecode.cpp.cpp;
			path = font.cpp;
			refType = 4;
			sourceTree = "<group>";
		};
		38F777C307A08095000845FC = {
			fileEncoding = 30;
			isa = PBXFileReference;
			lastKnownFileType = sourcecode.cpp.h;
			path = font.hpp;
			refType = 4;
			sourceTree = "<group>";
		};
		38F777C407A08095000845FC = {
			fileEncoding = 30;
			isa = PBXFileReference;
			lastKnownFileType = sourcecode.cpp.cpp;
			path = image.cpp;
			refType = 4;
			sourceTree = "<group>";
		};
		38F777C507A08095000845FC = {
			fileEncoding = 30;
			isa = PBXFileReference;
			lastKnownFileType = sourcecode.cpp.h;
			path = image.hpp;
			refType = 4;
			sourceTree = "<group>";
		};
		38F777C607A08095000845FC = {
			fileEncoding = 30;
			isa = PBXFileReference;
			lastKnownFileType = sourcecode.cpp.cpp;
			path = imgquad.cpp;
			refType = 4;
			sourceTree = "<group>";
		};
		38F777C707A08095000845FC = {
			fileEncoding = 30;
			isa = PBXFileReference;
			lastKnownFileType = sourcecode.cpp.h;
			path = imgquad.hpp;
			refType = 4;
			sourceTree = "<group>";
		};
		38F777C807A08095000845FC = {
			fileEncoding = 30;
			isa = PBXFileReference;
			lastKnownFileType = sourcecode.cpp.cpp;
			path = mousecursor.cpp;
			refType = 4;
			sourceTree = "<group>";
		};
		38F777C907A08095000845FC = {
			fileEncoding = 30;
			isa = PBXFileReference;
			lastKnownFileType = sourcecode.cpp.h;
			path = mousecursor.hpp;
			refType = 4;
			sourceTree = "<group>";
		};
		38F777CA07A08095000845FC = {
			fileEncoding = 30;
			isa = PBXFileReference;
			lastKnownFileType = sourcecode.cpp.cpp;
			path = screen.cpp;
			refType = 4;
			sourceTree = "<group>";
		};
		38F777CB07A08095000845FC = {
			fileEncoding = 30;
			isa = PBXFileReference;
			lastKnownFileType = sourcecode.cpp.h;
			path = screen.hpp;
			refType = 4;
			sourceTree = "<group>";
		};
		38F777CC07A08095000845FC = {
			fileEncoding = 30;
			isa = PBXFileReference;
			lastKnownFileType = sourcecode.cpp.cpp;
			path = textedit.cpp;
			refType = 4;
			sourceTree = "<group>";
		};
		38F777CD07A08095000845FC = {
			fileEncoding = 30;
			isa = PBXFileReference;
			lastKnownFileType = sourcecode.cpp.h;
			path = textedit.hpp;
			refType = 4;
			sourceTree = "<group>";
		};
		38F777CE07A08095000845FC = {
			fileEncoding = 30;
			isa = PBXFileReference;
			lastKnownFileType = sourcecode.cpp.cpp;
			path = textscroll.cpp;
			refType = 4;
			sourceTree = "<group>";
		};
		38F777CF07A08095000845FC = {
			fileEncoding = 30;
			isa = PBXFileReference;
			lastKnownFileType = sourcecode.cpp.h;
			path = textscroll.hpp;
			refType = 4;
			sourceTree = "<group>";
		};
		38F777D007A08095000845FC = {
			fileEncoding = 30;
			isa = PBXFileReference;
			lastKnownFileType = sourcecode.cpp.cpp;
			path = window.cpp;
			refType = 4;
			sourceTree = "<group>";
		};
		38F777D107A08095000845FC = {
			fileEncoding = 30;
			isa = PBXFileReference;
			lastKnownFileType = sourcecode.cpp.h;
			path = window.hpp;
			refType = 4;
			sourceTree = "<group>";
		};
		38F777D207A08095000845FC = {
			children = (
				38F777D307A08095000845FC,
				38F777D407A08095000845FC,
				38F777D507A08095000845FC,
				38F777D607A08095000845FC,
				38F777D707A08095000845FC,
				38F777D807A08095000845FC,
				38F777D907A08095000845FC,
				38F777DA07A08095000845FC,
				38F777DB07A08095000845FC,
				38F777DC07A08095000845FC,
				38F777DD07A08095000845FC,
				38F777DE07A08095000845FC,
				38F777DF07A08095000845FC,
				38F777E007A08095000845FC,
				38F777E107A08095000845FC,
				38F777E207A08095000845FC,
				38F777E307A08095000845FC,
				38F777E407A08095000845FC,
				38F777E507A08095000845FC,
				38F777E607A08095000845FC,
				38F777E807A08095000845FC,
				38F777E907A08095000845FC,
			);
			isa = PBXGroup;
			name = underw;
			path = /Users/jim/Development/uwadv/source/underw;
			refType = 0;
			sourceTree = "<absolute>";
		};
		38F777D307A08095000845FC = {
			fileEncoding = 30;
			isa = PBXFileReference;
			lastKnownFileType = sourcecode.cpp.cpp;
			path = geometry.cpp;
			refType = 4;
			sourceTree = "<group>";
		};
		38F777D407A08095000845FC = {
			fileEncoding = 30;
			isa = PBXFileReference;
			lastKnownFileType = sourcecode.cpp.h;
			path = geometry.hpp;
			refType = 4;
			sourceTree = "<group>";
		};
		38F777D507A08095000845FC = {
			fileEncoding = 30;
			isa = PBXFileReference;
			lastKnownFileType = sourcecode.cpp.cpp;
			path = inventory.cpp;
			refType = 4;
			sourceTree = "<group>";
		};
		38F777D607A08095000845FC = {
			fileEncoding = 30;
			isa = PBXFileReference;
			lastKnownFileType = sourcecode.cpp.h;
			path = inventory.hpp;
			refType = 4;
			sourceTree = "<group>";
		};
		38F777D707A08095000845FC = {
			fileEncoding = 30;
			isa = PBXFileReference;
			lastKnownFileType = sourcecode.cpp.cpp;
			path = level.cpp;
			refType = 4;
			sourceTree = "<group>";
		};
		38F777D807A08095000845FC = {
			fileEncoding = 30;
			isa = PBXFileReference;
			lastKnownFileType = sourcecode.cpp.h;
			path = level.hpp;
			refType = 4;
			sourceTree = "<group>";
		};
		38F777D907A08095000845FC = {
			fileEncoding = 30;
			isa = PBXFileReference;
			lastKnownFileType = sourcecode.cpp.cpp;
			path = mapnotes.cpp;
			refType = 4;
			sourceTree = "<group>";
		};
		38F777DA07A08095000845FC = {
			fileEncoding = 30;
			isa = PBXFileReference;
			lastKnownFileType = sourcecode.cpp.h;
			path = mapnotes.hpp;
			refType = 4;
			sourceTree = "<group>";
		};
		38F777DB07A08095000845FC = {
			fileEncoding = 30;
			isa = PBXFileReference;
			lastKnownFileType = sourcecode.cpp.cpp;
			path = objects.cpp;
			refType = 4;
			sourceTree = "<group>";
		};
		38F777DC07A08095000845FC = {
			fileEncoding = 30;
			isa = PBXFileReference;
			lastKnownFileType = sourcecode.cpp.h;
			path = objects.hpp;
			refType = 4;
			sourceTree = "<group>";
		};
		38F777DD07A08095000845FC = {
			fileEncoding = 30;
			isa = PBXFileReference;
			lastKnownFileType = sourcecode.cpp.cpp;
			path = pathfinder.cpp;
			refType = 4;
			sourceTree = "<group>";
		};
		38F777DE07A08095000845FC = {
			fileEncoding = 30;
			isa = PBXFileReference;
			lastKnownFileType = sourcecode.cpp.h;
			path = pathfinder.hpp;
			refType = 4;
			sourceTree = "<group>";
		};
		38F777DF07A08095000845FC = {
			fileEncoding = 30;
			isa = PBXFileReference;
			lastKnownFileType = sourcecode.cpp.cpp;
			path = physics.cpp;
			refType = 4;
			sourceTree = "<group>";
		};
		38F777E007A08095000845FC = {
			fileEncoding = 30;
			isa = PBXFileReference;
			lastKnownFileType = sourcecode.cpp.h;
			path = physics.hpp;
			refType = 4;
			sourceTree = "<group>";
		};
		38F777E107A08095000845FC = {
			fileEncoding = 30;
			isa = PBXFileReference;
			lastKnownFileType = sourcecode.cpp.h;
			path = physicsbody.hpp;
			refType = 4;
			sourceTree = "<group>";
		};
		38F777E207A08095000845FC = {
			fileEncoding = 30;
			isa = PBXFileReference;
			lastKnownFileType = sourcecode.cpp.cpp;
			path = player.cpp;
			refType = 4;
			sourceTree = "<group>";
		};
		38F777E307A08095000845FC = {
			fileEncoding = 30;
			isa = PBXFileReference;
			lastKnownFileType = sourcecode.cpp.h;
			path = player.hpp;
			refType = 4;
			sourceTree = "<group>";
		};
		38F777E407A08095000845FC = {
			fileEncoding = 30;
			isa = PBXFileReference;
			lastKnownFileType = sourcecode.cpp.h;
			path = properties.hpp;
			refType = 4;
			sourceTree = "<group>";
		};
		38F777E507A08095000845FC = {
			fileEncoding = 30;
			isa = PBXFileReference;
			lastKnownFileType = sourcecode.cpp.h;
			path = runes.hpp;
			refType = 4;
			sourceTree = "<group>";
		};
		38F777E607A08095000845FC = {
			children = (
				38F777E707A08095000845FC,
			);
			isa = PBXGroup;
			path = test;
			refType = 4;
			sourceTree = "<group>";
		};
		38F777E707A08095000845FC = {
			fileEncoding = 30;
			isa = PBXFileReference;
			lastKnownFileType = sourcecode.cpp.cpp;
			path = physicstest.cpp;
			refType = 4;
			sourceTree = "<group>";
		};
		38F777E807A08095000845FC = {
			fileEncoding = 30;
			isa = PBXFileReference;
			lastKnownFileType = sourcecode.cpp.cpp;
			path = underworld.cpp;
			refType = 4;
			sourceTree = "<group>";
		};
		38F777E907A08095000845FC = {
			fileEncoding = 30;
			isa = PBXFileReference;
			lastKnownFileType = sourcecode.cpp.h;
			path = underworld.hpp;
			refType = 4;
			sourceTree = "<group>";
		};
		38F777EA07A08095000845FC = {
			fileEncoding = 30;
			isa = PBXFileReference;
			lastKnownFileType = sourcecode.cpp.cpp;
			name = unittest.cpp;
			path = /Users/jim/Development/uwadv/source/unittest.cpp;
			refType = 0;
			sourceTree = "<absolute>";
		};
		38F777EB07A08095000845FC = {
			fileEncoding = 30;
			isa = PBXFileReference;
			lastKnownFileType = sourcecode.cpp.h;
			name = unittest.hpp;
			path = /Users/jim/Development/uwadv/source/unittest.hpp;
			refType = 0;
			sourceTree = "<absolute>";
		};
		38F777EC07A08095000845FC = {
			fileEncoding = 30;
			isa = PBXFileReference;
			lastKnownFileType = sourcecode.cpp.cpp;
			name = uwadv.cpp;
			path = /Users/jim/Development/uwadv/source/uwadv.cpp;
			refType = 0;
			sourceTree = "<absolute>";
		};
		38F777ED07A08095000845FC = {
			fileEncoding = 30;
			isa = PBXFileReference;
			lastKnownFileType = sourcecode.cpp.h;
			name = uwadv.hpp;
			path = /Users/jim/Development/uwadv/source/uwadv.hpp;
			refType = 0;
			sourceTree = "<absolute>";
		};
		38F777EE07A08095000845FC = {
			fileRef = 38F776E707A08095000845FC;
			isa = PBXBuildFile;
			settings = {
			};
		};
		38F777F007A08095000845FC = {
			fileRef = 38F776E907A08095000845FC;
			isa = PBXBuildFile;
			settings = {
			};
		};
		38F777F207A08095000845FC = {
			fileRef = 38F776EC07A08095000845FC;
			isa = PBXBuildFile;
			settings = {
			};
		};
		38F777F607A08095000845FC = {
			fileRef = 38F776F007A08095000845FC;
			isa = PBXBuildFile;
			settings = {
			};
		};
		38F777F807A08095000845FC = {
			fileRef = 38F776F207A08095000845FC;
			isa = PBXBuildFile;
			settings = {
			};
		};
		38F777F907A08095000845FC = {
			fileRef = 38F776F307A08095000845FC;
			isa = PBXBuildFile;
			settings = {
			};
		};
		38F777FB07A08095000845FC = {
			fileRef = 38F776F607A08095000845FC;
			isa = PBXBuildFile;
			settings = {
			};
		};
		38F777FD07A08095000845FC = {
			fileRef = 38F776F807A08095000845FC;
			isa = PBXBuildFile;
			settings = {
			};
		};
		38F777FF07A08095000845FC = {
			fileRef = 38F776FA07A08095000845FC;
			isa = PBXBuildFile;
			settings = {
			};
		};
		38F7780207A08095000845FC = {
			fileRef = 38F776FD07A08095000845FC;
			isa = PBXBuildFile;
			settings = {
			};
		};
		38F7780407A08095000845FC = {
			fileRef = 38F776FF07A08095000845FC;
			isa = PBXBuildFile;
			settings = {
			};
		};
		38F7780707A08095000845FC = {
			fileRef = 38F7770207A08095000845FC;
			isa = PBXBuildFile;
			settings = {
			};
		};
		38F7781107A08095000845FC = {
			fileRef = 38F7770D07A08095000845FC;
			isa = PBXBuildFile;
			settings = {
			};
		};
		38F7781507A08095000845FC = {
			fileRef = 38F7771107A08095000845FC;
			isa = PBXBuildFile;
			settings = {
			};
		};
		38F7781607A08095000845FC = {
			fileRef = 38F7771207A08095000845FC;
			isa = PBXBuildFile;
			settings = {
			};
		};
		38F7781707A08095000845FC = {
			fileRef = 38F7771307A08095000845FC;
			isa = PBXBuildFile;
			settings = {
			};
		};
		38F7781907A08095000845FC = {
			fileRef = 38F7771507A08095000845FC;
			isa = PBXBuildFile;
			settings = {
			};
		};
		38F7781A07A08095000845FC = {
			fileRef = 38F7771607A08095000845FC;
			isa = PBXBuildFile;
			settings = {
			};
		};
		38F7781D07A08095000845FC = {
			fileRef = 38F7771907A08095000845FC;
			isa = PBXBuildFile;
			settings = {
			};
		};
		38F7781F07A08095000845FC = {
			fileRef = 38F7771B07A08095000845FC;
			isa = PBXBuildFile;
			settings = {
			};
		};
		38F7782407A08095000845FC = {
			fileRef = 38F7772107A08095000845FC;
			isa = PBXBuildFile;
			settings = {
			};
		};
		38F7782607A08095000845FC = {
			fileRef = 38F7772307A08095000845FC;
			isa = PBXBuildFile;
			settings = {
			};
		};
		38F7782807A08095000845FC = {
			fileRef = 38F7772507A08095000845FC;
			isa = PBXBuildFile;
			settings = {
			};
		};
		38F7782D07A08095000845FC = {
			fileRef = 38F7772A07A08095000845FC;
			isa = PBXBuildFile;
			settings = {
			};
		};
		38F7783007A08095000845FC = {
			fileRef = 38F7772D07A08095000845FC;
			isa = PBXBuildFile;
			settings = {
			};
		};
		38F7783207A08095000845FC = {
			fileRef = 38F7772F07A08095000845FC;
			isa = PBXBuildFile;
			settings = {
			};
		};
		38F7783407A08095000845FC = {
			fileRef = 38F7773207A08095000845FC;
			isa = PBXBuildFile;
			settings = {
			};
		};
		38F7783507A08095000845FC = {
			fileRef = 38F7773307A08095000845FC;
			isa = PBXBuildFile;
			settings = {
			};
		};
		38F7783607A08095000845FC = {
			fileRef = 38F7773407A08095000845FC;
			isa = PBXBuildFile;
			settings = {
			};
		};
		38F7783707A08095000845FC = {
			fileRef = 38F7773507A08095000845FC;
			isa = PBXBuildFile;
			settings = {
			};
		};
		38F7783807A08095000845FC = {
			fileRef = 38F7773607A08095000845FC;
			isa = PBXBuildFile;
			settings = {
			};
		};
		38F7783C07A08095000845FC = {
			fileRef = 38F7773A07A08095000845FC;
			isa = PBXBuildFile;
			settings = {
			};
		};
		38F7783D07A08095000845FC = {
			fileRef = 38F7773B07A08095000845FC;
			isa = PBXBuildFile;
			settings = {
			};
		};
		38F7783E07A08095000845FC = {
			fileRef = 38F7773C07A08095000845FC;
			isa = PBXBuildFile;
			settings = {
			};
		};
		38F7783F07A08095000845FC = {
			fileRef = 38F7773D07A08095000845FC;
			isa = PBXBuildFile;
			settings = {
			};
		};
		38F7784007A08095000845FC = {
			fileRef = 38F7773E07A08095000845FC;
			isa = PBXBuildFile;
			settings = {
			};
		};
		38F7784107A08095000845FC = {
			fileRef = 38F7773F07A08095000845FC;
			isa = PBXBuildFile;
			settings = {
			};
		};
		38F7784207A08095000845FC = {
			fileRef = 38F7774007A08095000845FC;
			isa = PBXBuildFile;
			settings = {
			};
		};
		38F7784307A08095000845FC = {
			fileRef = 38F7774107A08095000845FC;
			isa = PBXBuildFile;
			settings = {
			};
		};
		38F7784407A08095000845FC = {
			fileRef = 38F7774207A08095000845FC;
			isa = PBXBuildFile;
			settings = {
			};
		};
		38F7784507A08095000845FC = {
			fileRef = 38F7774307A08095000845FC;
			isa = PBXBuildFile;
			settings = {
			};
		};
		38F7784607A08095000845FC = {
			fileRef = 38F7774407A08095000845FC;
			isa = PBXBuildFile;
			settings = {
			};
		};
		38F7784707A08095000845FC = {
			fileRef = 38F7774607A08095000845FC;
			isa = PBXBuildFile;
			settings = {
			};
		};
		38F7784907A08095000845FC = {
			fileRef = 38F7774807A08095000845FC;
			isa = PBXBuildFile;
			settings = {
			};
		};
		38F7784B07A08095000845FC = {
			fileRef = 38F7774A07A08095000845FC;
			isa = PBXBuildFile;
			settings = {
			};
		};
		38F7784D07A08095000845FC = {
			fileRef = 38F7774C07A08095000845FC;
			isa = PBXBuildFile;
			settings = {
			};
		};
		38F7784F07A08095000845FC = {
			fileRef = 38F7774E07A08095000845FC;
			isa = PBXBuildFile;
			settings = {
			};
		};
		38F7785107A08095000845FC = {
			fileRef = 38F7775007A08095000845FC;
			isa = PBXBuildFile;
			settings = {
			};
		};
		38F7785307A08095000845FC = {
			fileRef = 38F7775207A08095000845FC;
			isa = PBXBuildFile;
			settings = {
			};
		};
		38F7785507A08095000845FC = {
			fileRef = 38F7775407A08095000845FC;
			isa = PBXBuildFile;
			settings = {
			};
		};
		38F7785707A08095000845FC = {
			fileRef = 38F7775707A08095000845FC;
			isa = PBXBuildFile;
			settings = {
			};
		};
		38F7785907A08095000845FC = {
			fileRef = 38F7775907A08095000845FC;
			isa = PBXBuildFile;
			settings = {
			};
		};
		38F7785B07A08095000845FC = {
			fileRef = 38F7775B07A08095000845FC;
			isa = PBXBuildFile;
			settings = {
			};
		};
		38F7785D07A08095000845FC = {
			fileRef = 38F7775D07A08095000845FC;
			isa = PBXBuildFile;
			settings = {
			};
		};
		38F7785F07A08095000845FC = {
			fileRef = 38F7775F07A08095000845FC;
			isa = PBXBuildFile;
			settings = {
			};
		};
		38F7786107A08095000845FC = {
			fileRef = 38F7776107A08095000845FC;
			isa = PBXBuildFile;
			settings = {
			};
		};
		38F7786507A08095000845FC = {
			fileRef = 38F7776507A08095000845FC;
			isa = PBXBuildFile;
			settings = {
			};
		};
		38F7786707A08095000845FC = {
			fileRef = 38F7776707A08095000845FC;
			isa = PBXBuildFile;
			settings = {
			};
		};
		38F7786907A08095000845FC = {
			fileRef = 38F7776907A08095000845FC;
			isa = PBXBuildFile;
			settings = {
			};
		};
		38F7786B07A08095000845FC = {
			fileRef = 38F7776B07A08095000845FC;
			isa = PBXBuildFile;
			settings = {
			};
		};
		38F7786D07A08095000845FC = {
			fileRef = 38F7776D07A08095000845FC;
			isa = PBXBuildFile;
			settings = {
			};
		};
		38F7787D07A08095000845FC = {
			fileRef = 38F7778107A08095000845FC;
			isa = PBXBuildFile;
			settings = {
			};
		};
		38F7787F07A08095000845FC = {
			fileRef = 38F7778307A08095000845FC;
			isa = PBXBuildFile;
			settings = {
			};
		};
		38F7788107A08095000845FC = {
			fileRef = 38F7778507A08095000845FC;
			isa = PBXBuildFile;
			settings = {
			};
		};
		38F7788307A08095000845FC = {
			fileRef = 38F7778707A08095000845FC;
			isa = PBXBuildFile;
			settings = {
			};
		};
		38F7788507A08095000845FC = {
			fileRef = 38F7778907A08095000845FC;
			isa = PBXBuildFile;
			settings = {
			};
		};
		38F7788707A08095000845FC = {
			fileRef = 38F7778B07A08095000845FC;
			isa = PBXBuildFile;
			settings = {
			};
		};
		38F7788907A08095000845FC = {
			fileRef = 38F7778E07A08095000845FC;
			isa = PBXBuildFile;
			settings = {
			};
		};
		38F7788A07A08095000845FC = {
			fileRef = 38F7778F07A08095000845FC;
			isa = PBXBuildFile;
			settings = {
			};
		};
		38F7788B07A08095000845FC = {
			fileRef = 38F7779007A08095000845FC;
			isa = PBXBuildFile;
			settings = {
			};
		};
		38F7788C07A08095000845FC = {
			fileRef = 38F7779107A08095000845FC;
			isa = PBXBuildFile;
			settings = {
			};
		};
		38F7788D07A08095000845FC = {
			fileRef = 38F7779207A08095000845FC;
			isa = PBXBuildFile;
			settings = {
			};
		};
		38F7788E07A08095000845FC = {
			fileRef = 38F7779307A08095000845FC;
			isa = PBXBuildFile;
			settings = {
			};
		};
		38F7789107A08095000845FC = {
			fileRef = 38F7779607A08095000845FC;
			isa = PBXBuildFile;
			settings = {
			};
		};
		38F7789407A08095000845FC = {
			fileRef = 38F7779907A08095000845FC;
			isa = PBXBuildFile;
			settings = {
			};
		};
		38F7789607A08095000845FC = {
			fileRef = 38F7779B07A08095000845FC;
			isa = PBXBuildFile;
			settings = {
			};
		};
		38F7789907A08095000845FC = {
			fileRef = 38F7779E07A08095000845FC;
			isa = PBXBuildFile;
			settings = {
			};
		};
		38F7789B07A08095000845FC = {
			fileRef = 38F777A007A08095000845FC;
			isa = PBXBuildFile;
			settings = {
			};
		};
		38F7789D07A08095000845FC = {
			fileRef = 38F777A207A08095000845FC;
			isa = PBXBuildFile;
			settings = {
			};
		};
		38F7789F07A08095000845FC = {
			fileRef = 38F777A407A08095000845FC;
			isa = PBXBuildFile;
			settings = {
			};
		};
		38F778A107A08095000845FC = {
			fileRef = 38F777A607A08095000845FC;
			isa = PBXBuildFile;
			settings = {
			};
		};
		38F778A207A08095000845FC = {
			fileRef = 38F777A707A08095000845FC;
			isa = PBXBuildFile;
			settings = {
			};
		};
		38F778AD07A08095000845FC = {
			fileRef = 38F777B307A08095000845FC;
			isa = PBXBuildFile;
			settings = {
			};
		};
		38F778AF07A08095000845FC = {
			fileRef = 38F777B507A08095000845FC;
			isa = PBXBuildFile;
			settings = {
			};
		};
		38F778B107A08095000845FC = {
			fileRef = 38F777B707A08095000845FC;
			isa = PBXBuildFile;
			settings = {
			};
		};
		38F778B407A08095000845FC = {
			fileRef = 38F777BA07A08095000845FC;
			isa = PBXBuildFile;
			settings = {
			};
		};
		38F778B807A08095000845FC = {
			fileRef = 38F777BF07A08095000845FC;
			isa = PBXBuildFile;
			settings = {
			};
		};
		38F778BB07A08095000845FC = {
			fileRef = 38F777C207A08095000845FC;
			isa = PBXBuildFile;
			settings = {
			};
		};
		38F778BD07A08095000845FC = {
			fileRef = 38F777C407A08095000845FC;
			isa = PBXBuildFile;
			settings = {
			};
		};
		38F778BF07A08095000845FC = {
			fileRef = 38F777C607A08095000845FC;
			isa = PBXBuildFile;
			settings = {
			};
		};
		38F778C107A08095000845FC = {
			fileRef = 38F777C807A08095000845FC;
			isa = PBXBuildFile;
			settings = {
			};
		};
		38F778C307A08095000845FC = {
			fileRef = 38F777CA07A08095000845FC;
			isa = PBXBuildFile;
			settings = {
			};
		};
		38F778C507A08095000845FC = {
			fileRef = 38F777CC07A08095000845FC;
			isa = PBXBuildFile;
			settings = {
			};
		};
		38F778C707A08095000845FC = {
			fileRef = 38F777CE07A08095000845FC;
			isa = PBXBuildFile;
			settings = {
			};
		};
		38F778C907A08095000845FC = {
			fileRef = 38F777D007A08095000845FC;
			isa = PBXBuildFile;
			settings = {
			};
		};
		38F778CB07A08095000845FC = {
			fileRef = 38F777D307A08095000845FC;
			isa = PBXBuildFile;
			settings = {
			};
		};
		38F778CD07A08095000845FC = {
			fileRef = 38F777D507A08095000845FC;
			isa = PBXBuildFile;
			settings = {
			};
		};
		38F778CF07A08095000845FC = {
			fileRef = 38F777D707A08095000845FC;
			isa = PBXBuildFile;
			settings = {
			};
		};
		38F778D107A08095000845FC = {
			fileRef = 38F777D907A08095000845FC;
			isa = PBXBuildFile;
			settings = {
			};
		};
		38F778D307A08095000845FC = {
			fileRef = 38F777DB07A08095000845FC;
			isa = PBXBuildFile;
			settings = {
			};
		};
		38F778D507A08095000845FC = {
			fileRef = 38F777DD07A08095000845FC;
			isa = PBXBuildFile;
			settings = {
			};
		};
		38F778D707A08095000845FC = {
			fileRef = 38F777DF07A08095000845FC;
			isa = PBXBuildFile;
			settings = {
			};
		};
		38F778DA07A08095000845FC = {
			fileRef = 38F777E207A08095000845FC;
			isa = PBXBuildFile;
			settings = {
			};
		};
		38F778DE07A08095000845FC = {
			fileRef = 38F777E707A08095000845FC;
			isa = PBXBuildFile;
			settings = {
			};
		};
		38F778DF07A08095000845FC = {
			fileRef = 38F777E807A08095000845FC;
			isa = PBXBuildFile;
			settings = {
			};
		};
		38F778E107A08095000845FC = {
			fileRef = 38F777EA07A08095000845FC;
			isa = PBXBuildFile;
			settings = {
			};
		};
		38F778E307A08095000845FC = {
			fileRef = 38F777EC07A08095000845FC;
			isa = PBXBuildFile;
			settings = {
			};
		};
		38F7790807A08693000845FC = {
			fileEncoding = 30;
			isa = PBXFileReference;
			lastKnownFileType = sourcecode.c.h;
			name = config.h;
			path = /Users/jim/Development/uwadv/source/config.h;
			refType = 0;
			sourceTree = "<absolute>";
		};
		38F7790D07A086B3000845FC = {
			fileEncoding = 30;
			isa = PBXFileReference;
			lastKnownFileType = sourcecode.c.h;
			path = config.h;
			refType = 4;
			sourceTree = "<group>";
		};
		38F7796907A09334000845FC = {
			isa = PBXFileReference;
			lastKnownFileType = "compiled.mach-o.dylib";
			name = libz.dylib;
			path = /usr/lib/libz.dylib;
			refType = 0;
			sourceTree = "<absolute>";
		};
		38F7796A07A09334000845FC = {
			fileRef = 38F7796907A09334000845FC;
			isa = PBXBuildFile;
			settings = {
			};
		};
		38F7796B07A0934D000845FC = {
			isa = PBXFileReference;
			lastKnownFileType = wrapper.framework;
			name = OpenGL.framework;
			path = /System/Library/Frameworks/OpenGL.framework;
			refType = 0;
			sourceTree = "<absolute>";
		};
		38F7796C07A0934D000845FC = {
			fileRef = 38F7796B07A0934D000845FC;
			isa = PBXBuildFile;
			settings = {
			};
		};
		38F7798A07A09367000845FC = {
			isa = PBXFileReference;
			lastKnownFileType = wrapper.framework;
			name = SDL_mixer.framework;
			path = /Library/Frameworks/SDL_mixer.framework;
			refType = 0;
			sourceTree = "<absolute>";
		};
		38F7798B07A09367000845FC = {
			fileRef = 38F7798A07A09367000845FC;
			isa = PBXBuildFile;
			settings = {
			};
		};
//380
//381
//382
//383
//384
//4A0
//4A1
//4A2
//4A3
//4A4
		4A9504CCFFE6A4B311CA0CBA = {
			buildSettings = {
				COPY_PHASE_STRIP = NO;
				GCC_DYNAMIC_NO_PIC = NO;
				GCC_ENABLE_FIX_AND_CONTINUE = NO;
				GCC_GENERATE_DEBUGGING_SYMBOLS = YES;
				GCC_OPTIMIZATION_LEVEL = 0;
				OPTIMIZATION_CFLAGS = "-O0";
				ZERO_LINK = NO;
			};
			isa = PBXBuildStyle;
			name = Development;
		};
		4A9504CDFFE6A4B311CA0CBA = {
			buildSettings = {
				COPY_PHASE_STRIP = YES;
				GCC_ENABLE_FIX_AND_CONTINUE = NO;
				ZERO_LINK = NO;
			};
			isa = PBXBuildStyle;
			name = Deployment;
		};
//4A0
//4A1
//4A2
//4A3
//4A4
//F50
//F51
//F52
//F53
//F54
		F5A47A9D01A0482F01D3D55B = {
			fileEncoding = 30;
			isa = PBXFileReference;
			lastKnownFileType = sourcecode.c.h;
			path = SDLMain.h;
			refType = 2;
			sourceTree = SOURCE_ROOT;
		};
		F5A47A9E01A0483001D3D55B = {
			fileEncoding = 30;
			isa = PBXFileReference;
			lastKnownFileType = sourcecode.c.objc;
			path = SDLMain.m;
			refType = 2;
			sourceTree = SOURCE_ROOT;
		};
		F5A47A9F01A0483001D3D55B = {
			fileEncoding = 30;
			isa = PBXFileReference;
			lastKnownFileType = sourcecode.c.c;
			path = main.c;
			refType = 2;
			sourceTree = SOURCE_ROOT;
		};
	};
	rootObject = 29B97313FDCFA39411CA2CEA;
}
