<?xml version="1.0" encoding="utf-8"?>
<Project ToolsVersion="4.0" xmlns="http://schemas.microsoft.com/developer/msbuild/2003">
  <ItemGroup>
    <Filter Include="Source Files">
      <UniqueIdentifier>{4FC737F1-C7A5-4376-A066-2A32D752A2FF}</UniqueIdentifier>
      <Extensions>cpp;c;cxx;def;odl;idl;hpj;bat;asm;asmx</Extensions>
    </Filter>
    <Filter Include="Header Files">
      <UniqueIdentifier>{93995380-89BD-4b04-88EB-625FBE52EBFB}</UniqueIdentifier>
      <Extensions>h;hpp;hxx;hm;inl;inc;xsd</Extensions>
    </Filter>
  </ItemGroup>
  <ItemGroup>
    <ClCompile Include="convglobals.cpp">
      <Filter>Source Files</Filter>
    </ClCompile>
    <ClCompile Include="inventory.cpp">
      <Filter>Source Files</Filter>
    </ClCompile>
    <ClCompile Include="levellist.cpp">
      <Filter>Source Files</Filter>
    </ClCompile>
    <ClCompile Include="mapnotes.cpp">
      <Filter>Source Files</Filter>
    </ClCompile>
    <ClCompile Include="object.cpp">
      <Filter>Source Files</Filter>
    </ClCompile>
    <ClCompile Include="objectlist.cpp">
      <Filter>Source Files</Filter>
    </ClCompile>
    <ClCompile Include="player.cpp">
      <Filter>Source Files</Filter>
    </ClCompile>
    <ClCompile Include="runes.cpp">
      <Filter>Source Files</Filter>
    </ClCompile>
    <ClCompile Include="tilemap.cpp">
      <Filter>Source Files</Filter>
    </ClCompile>
    <ClCompile Include="underw.cpp">
      <Filter>Source Files</Filter>
    </ClCompile>
    <ClCompile Include="underworld.cpp">
      <Filter>Source Files</Filter>
    </ClCompile>
    <ClCompile Include="questflags.cpp">
      <Filter>Source Files</Filter>
    </ClCompile>
    <ClCompile Include="gamestrings.cpp">
      <Filter>Source Files</Filter>
    </ClCompile>
    <ClCompile Include="gamelogic.cpp">
      <Filter>Source Files</Filter>
    </ClCompile>
  </ItemGroup>
  <ItemGroup>
    <ClInclude Include="convglobals.hpp">
      <Filter>Header Files</Filter>
    </ClInclude>
    <ClInclude Include="inventory.hpp">
      <Filter>Header Files</Filter>
    </ClInclude>
    <ClInclude Include="level.hpp">
      <Filter>Header Files</Filter>
    </ClInclude>
    <ClInclude Include="levellist.hpp">
      <Filter>Header Files</Filter>
    </ClInclude>
    <ClInclude Include="mapnotes.hpp">
      <Filter>Header Files</Filter>
    </ClInclude>
    <ClInclude Include="object.hpp">
      <Filter>Header Files</Filter>
    </ClInclude>
    <ClInclude Include="objectlist.hpp">
      <Filter>Header Files</Filter>
    </ClInclude>
    <ClInclude Include="player.hpp">
      <Filter>Header Files</Filter>
    </ClInclude>
    <ClInclude Include="properties.hpp">
      <Filter>Header Files</Filter>
    </ClInclude>
    <ClInclude Include="questflags.hpp">
      <Filter>Header Files</Filter>
    </ClInclude>
    <ClInclude Include="runes.hpp">
      <Filter>Header Files</Filter>
    </ClInclude>
    <ClInclude Include="tilemap.hpp">
      <Filter>Header Files</Filter>
    </ClInclude>
    <ClInclude Include="underw.hpp">
      <Filter>Header Files</Filter>
    </ClInclude>
    <ClInclude Include="underworld.hpp">
      <Filter>Header Files</Filter>
    </ClInclude>
    <ClInclude Include="gamestrings.hpp">
      <Filter>Header Files</Filter>
    </ClInclude>
    <ClInclude Include="gamelogic.hpp">
      <Filter>Header Files</Filter>
    </ClInclude>
  </ItemGroup>
</Project>