<?xml version="1.0" encoding="utf-8"?>
<Project ToolsVersion="4.0" xmlns="http://schemas.microsoft.com/developer/msbuild/2003">
  <ItemGroup>
    <Filter Include="Source Files">
      <UniqueIdentifier>{4FC737F1-C7A5-4376-A066-2A32D752A2FF}</UniqueIdentifier>
      <Extensions>cpp;c;cxx;def;odl;idl;hpj;bat;asm;asmx</Extensions>
    </Filter>
    <Filter Include="Header Files">
      <UniqueIdentifier>{93995380-89BD-4b04-88EB-625FBE52EBFB}</UniqueIdentifier>
      <Extensions>h;hpp;hxx;hm;inl;inc;xsd</Extensions>
    </Filter>
    <Filter Include="Resource Files">
      <UniqueIdentifier>{67DA6AB6-F800-4c08-8B7A-83BB121AAD01}</UniqueIdentifier>
      <Extensions>rc;ico;cur;bmp;dlg;rc2;rct;bin;rgs;gif;jpg;jpeg;jpe;resx</Extensions>
    </Filter>
  </ItemGroup>
  <ItemGroup>
    <ClCompile Include="DebugClient.cpp">
      <Filter>Source Files</Filter>
    </ClCompile>
    <ClCompile Include="EditListViewCtrl.cpp">
      <Filter>Source Files</Filter>
    </ClCompile>
    <ClCompile Include="Filename.cpp">
      <Filter>Source Files</Filter>
    </ClCompile>
    <ClCompile Include="GameStringsView.cpp">
      <Filter>Source Files</Filter>
    </ClCompile>
    <ClCompile Include="LuaSourceView.cpp">
      <Filter>Source Files</Filter>
    </ClCompile>
    <ClCompile Include="MainFrame.cpp">
      <Filter>Source Files</Filter>
    </ClCompile>
    <ClCompile Include="ProjectManager.cpp">
      <Filter>Source Files</Filter>
    </ClCompile>
    <ClCompile Include="PropertyListCtrl.cpp">
      <Filter>Source Files</Filter>
    </ClCompile>
    <ClCompile Include="stdatl.cpp">
      <Filter>Source Files</Filter>
    </ClCompile>
    <ClCompile Include="TileMapViewCtrl.cpp">
      <Filter>Source Files</Filter>
    </ClCompile>
    <ClCompile Include="uadebug.cpp">
      <Filter>Source Files</Filter>
    </ClCompile>
    <ClCompile Include="BreakpointListWindow.cpp">
      <Filter>Source Files</Filter>
    </ClCompile>
    <ClCompile Include="HotspotListWindow.cpp">
      <Filter>Source Files</Filter>
    </ClCompile>
    <ClCompile Include="ObjectListWindow.cpp">
      <Filter>Source Files</Filter>
    </ClCompile>
    <ClCompile Include="PlayerInfoWindow.cpp">
      <Filter>Source Files</Filter>
    </ClCompile>
    <ClCompile Include="ProjectInfoWindow.cpp">
      <Filter>Source Files</Filter>
    </ClCompile>
    <ClCompile Include="TileInfoWindow.cpp">
      <Filter>Source Files</Filter>
    </ClCompile>
    <ClCompile Include="WatchesListWindow.cpp">
      <Filter>Source Files</Filter>
    </ClCompile>
  </ItemGroup>
  <ItemGroup>
    <ClInclude Include="AboutDlg.hpp">
      <Filter>Header Files</Filter>
    </ClInclude>
    <ClInclude Include="DebugClient.hpp">
      <Filter>Header Files</Filter>
    </ClInclude>
    <ClInclude Include="EditListViewCtrl.hpp">
      <Filter>Header Files</Filter>
    </ClInclude>
    <ClInclude Include="Filename.hpp">
      <Filter>Header Files</Filter>
    </ClInclude>
    <ClInclude Include="GameStringsView.hpp">
      <Filter>Header Files</Filter>
    </ClInclude>
    <ClInclude Include="LuaSourceView.hpp">
      <Filter>Header Files</Filter>
    </ClInclude>
    <ClInclude Include="MainFrame.hpp">
      <Filter>Header Files</Filter>
    </ClInclude>
    <ClInclude Include="ProjectManager.hpp">
      <Filter>Header Files</Filter>
    </ClInclude>
    <ClInclude Include="PropertyListCtrl.hpp">
      <Filter>Header Files</Filter>
    </ClInclude>
    <ClInclude Include="stdatl.hpp">
      <Filter>Header Files</Filter>
    </ClInclude>
    <ClInclude Include="TileMapView.hpp">
      <Filter>Header Files</Filter>
    </ClInclude>
    <ClInclude Include="TileMapViewCtrl.hpp">
      <Filter>Header Files</Filter>
    </ClInclude>
    <ClInclude Include="resource.h">
      <Filter>Resource Files</Filter>
    </ClInclude>
    <ClInclude Include="BreakpointListWindow.hpp">
      <Filter>Header Files</Filter>
    </ClInclude>
    <ClInclude Include="HotspotListWindow.hpp">
      <Filter>Header Files</Filter>
    </ClInclude>
    <ClInclude Include="ObjectListWindow.hpp">
      <Filter>Header Files</Filter>
    </ClInclude>
    <ClInclude Include="PlayerInfoWindow.hpp">
      <Filter>Header Files</Filter>
    </ClInclude>
    <ClInclude Include="ProjectInfoWindow.hpp">
      <Filter>Header Files</Filter>
    </ClInclude>
    <ClInclude Include="TileInfoWindow.hpp">
      <Filter>Header Files</Filter>
    </ClInclude>
    <ClInclude Include="WatchesListWindow.hpp">
      <Filter>Header Files</Filter>
    </ClInclude>
    <ClInclude Include="ChildWindowBase.hpp">
      <Filter>Header Files</Filter>
    </ClInclude>
    <ClInclude Include="DebugWindowBase.hpp">
      <Filter>Header Files</Filter>
    </ClInclude>
    <ClInclude Include="DockingWindowBase.hpp">
      <Filter>Header Files</Filter>
    </ClInclude>
    <ClInclude Include="IMainFrame.hpp">
      <Filter>Header Files</Filter>
    </ClInclude>
  </ItemGroup>
  <ItemGroup>
    <None Include="res\cursor_tilemap.cur">
      <Filter>Resource Files</Filter>
    </None>
    <None Include="packages.config" />
  </ItemGroup>
  <ItemGroup>
    <Image Include="res\Des.ico">
      <Filter>Resource Files</Filter>
    </Image>
    <Image Include="res\game_strings.ico">
      <Filter>Resource Files</Filter>
    </Image>
    <Image Include="res\Lua.ico">
      <Filter>Resource Files</Filter>
    </Image>
    <Image Include="res\Sanct.ico">
      <Filter>Resource Files</Filter>
    </Image>
    <Image Include="res\tb_debug.bmp">
      <Filter>Resource Files</Filter>
    </Image>
    <Image Include="res\tb_game_strings.bmp">
      <Filter>Resource Files</Filter>
    </Image>
    <Image Include="res\tb_lua_source.bmp">
      <Filter>Resource Files</Filter>
    </Image>
    <Image Include="res\tb_main.bmp">
      <Filter>Resource Files</Filter>
    </Image>
    <Image Include="res\tb_mainframe.bmp">
      <Filter>Resource Files</Filter>
    </Image>
    <Image Include="res\tb_standard.bmp">
      <Filter>Resource Files</Filter>
    </Image>
    <Image Include="res\tb_tilemap.bmp">
      <Filter>Resource Files</Filter>
    </Image>
    <Image Include="res\tilemap_view.ico">
      <Filter>Resource Files</Filter>
    </Image>
    <Image Include="res\tree_project.bmp">
      <Filter>Resource Files</Filter>
    </Image>
  </ItemGroup>
  <ItemGroup>
    <ResourceCompile Include="uadebug_res.rc">
      <Filter>Resource Files</Filter>
    </ResourceCompile>
    <ResourceCompile Include="versioninfo.rc">
      <Filter>Resource Files</Filter>
    </ResourceCompile>
  </ItemGroup>
</Project>