Microsoft Visual Studio Solution File, Format Version 9.00
# Visual C++ Express 2005
Project("{8BC9CEB8-8B4A-11D0-8D11-00A0C91BC942}") = "base", "base.vcproj", "{E1210703-9ADB-4ED7-AE0C-B7E39A15E01F}"
EndProject
Project("{8BC9CEB8-8B4A-11D0-8D11-00A0C91BC942}") = "unittest", "unittest.vcproj", "{AF97F28C-51B1-4E30-BDF1-165DCE67FE43}"
	ProjectSection(ProjectDependencies) = postProject
		{E1210703-9ADB-4ED7-AE0C-B7E39A15E01F} = {E1210703-9ADB-4ED7-AE0C-B7E39A15E01F}
		{38A9E85A-3F97-4589-B801-DD7097FC14DA} = {38A9E85A-3F97-4589-B801-DD7097FC14DA}
	EndProjectSection
EndProject
Project("{8BC9CEB8-8B4A-11D0-8D11-00A0C91BC942}") = "audio", "audio.vcproj", "{38A9E85A-3F97-4589-B801-DD7097FC14DA}"
	ProjectSection(ProjectDependencies) = postProject
		{E1210703-9ADB-4ED7-AE0C-B7E39A15E01F} = {E1210703-9ADB-4ED7-AE0C-B7E39A15E01F}
	EndProjectSection
EndProject
Global
	GlobalSection(SolutionConfigurationPlatforms) = preSolution
		Debug|Win32 = Debug|Win32
		Release|Win32 = Release|Win32
	EndGlobalSection
	GlobalSection(ProjectConfigurationPlatforms) = postSolution
		{E1210703-9ADB-4ED7-AE0C-B7E39A15E01F}.Debug|Win32.ActiveCfg = Debug|Win32
		{E1210703-9ADB-4ED7-AE0C-B7E39A15E01F}.Debug|Win32.Build.0 = Debug|Win32
		{E1210703-9ADB-4ED7-AE0C-B7E39A15E01F}.Release|Win32.ActiveCfg = Release|Win32
		{E1210703-9ADB-4ED7-AE0C-B7E39A15E01F}.Release|Win32.Build.0 = Release|Win32
		{AF97F28C-51B1-4E30-BDF1-165DCE67FE43}.Debug|Win32.ActiveCfg = Debug|Win32
		{AF97F28C-51B1-4E30-BDF1-165DCE67FE43}.Debug|Win32.Build.0 = Debug|Win32
		{AF97F28C-51B1-4E30-BDF1-165DCE67FE43}.Release|Win32.ActiveCfg = Release|Win32
		{38A9E85A-3F97-4589-B801-DD7097FC14DA}.Debug|Win32.ActiveCfg = Debug|Win32
		{38A9E85A-3F97-4589-B801-DD7097FC14DA}.Debug|Win32.Build.0 = Debug|Win32
		{38A9E85A-3F97-4589-B801-DD7097FC14DA}.Release|Win32.ActiveCfg = Release|Win32
		{38A9E85A-3F97-4589-B801-DD7097FC14DA}.Release|Win32.Build.0 = Release|Win32
	EndGlobalSection
	GlobalSection(SolutionProperties) = preSolution
		HideSolutionNode = FALSE
	EndGlobalSection
EndGlobal
