<?xml version="1.0" encoding="utf-8"?>
<Project ToolsVersion="4.0" xmlns="http://schemas.microsoft.com/developer/msbuild/2003">
  <ItemGroup>
    <Filter Include="Header Files">
      <UniqueIdentifier>{93995380-89BD-4b04-88EB-625FBE52EBFB}</UniqueIdentifier>
      <Extensions>h;hpp;hxx;hm;inl;inc;xsd</Extensions>
    </Filter>
    <Filter Include="Source Files">
      <UniqueIdentifier>{4FC737F1-C7A5-4376-A066-2A32D752A2FF}</UniqueIdentifier>
      <Extensions>cpp;c;cxx;def;odl;idl;hpj;bat;asm;asmx</Extensions>
    </Filter>
  </ItemGroup>
  <ItemGroup>
    <ClCompile Include="archivefile.cpp">
      <Filter>Source Files</Filter>
    </ClCompile>
    <ClCompile Include="base.cpp">
      <Filter>Source Files</Filter>
    </ClCompile>
    <ClCompile Include="cfgfile.cpp">
      <Filter>Source Files</Filter>
    </ClCompile>
    <ClCompile Include="file.cpp">
      <Filter>Source Files</Filter>
    </ClCompile>
    <ClCompile Include="filesystem.cpp">
      <Filter>Source Files</Filter>
    </ClCompile>
    <ClCompile Include="keymap.cpp">
      <Filter>Source Files</Filter>
    </ClCompile>
    <ClCompile Include="resourcemanager.cpp">
      <Filter>Source Files</Filter>
    </ClCompile>
    <ClCompile Include="savegame.cpp">
      <Filter>Source Files</Filter>
    </ClCompile>
    <ClCompile Include="SDL_rwops_gzfile.c">
      <Filter>Source Files</Filter>
    </ClCompile>
    <ClCompile Include="settings.cpp">
      <Filter>Source Files</Filter>
    </ClCompile>
    <ClCompile Include="settingsloader.cpp">
      <Filter>Source Files</Filter>
    </ClCompile>
    <ClCompile Include="string.cpp">
      <Filter>Source Files</Filter>
    </ClCompile>
    <ClCompile Include="textfile.cpp">
      <Filter>Source Files</Filter>
    </ClCompile>
    <ClCompile Include="uw2decode.cpp">
      <Filter>Source Files</Filter>
    </ClCompile>
  </ItemGroup>
  <ItemGroup>
    <ClInclude Include="archivefile.hpp">
      <Filter>Header Files</Filter>
    </ClInclude>
    <ClInclude Include="base.hpp">
      <Filter>Header Files</Filter>
    </ClInclude>
    <ClInclude Include="cfgfile.hpp">
      <Filter>Header Files</Filter>
    </ClInclude>
    <ClInclude Include="exception.hpp">
      <Filter>Header Files</Filter>
    </ClInclude>
    <ClInclude Include="file.hpp">
      <Filter>Header Files</Filter>
    </ClInclude>
    <ClInclude Include="filesystem.hpp">
      <Filter>Header Files</Filter>
    </ClInclude>
    <ClInclude Include="keymap.hpp">
      <Filter>Header Files</Filter>
    </ClInclude>
    <ClInclude Include="resourcemanager.hpp">
      <Filter>Header Files</Filter>
    </ClInclude>
    <ClInclude Include="savegame.hpp">
      <Filter>Header Files</Filter>
    </ClInclude>
    <ClInclude Include="SDL_rwops_gzfile.h">
      <Filter>Header Files</Filter>
    </ClInclude>
    <ClInclude Include="settings.hpp">
      <Filter>Header Files</Filter>
    </ClInclude>
    <ClInclude Include="smart_ptr.hpp">
      <Filter>Header Files</Filter>
    </ClInclude>
    <ClInclude Include="string.hpp">
      <Filter>Header Files</Filter>
    </ClInclude>
    <ClInclude Include="textfile.hpp">
      <Filter>Header Files</Filter>
    </ClInclude>
    <ClInclude Include="uw2decode.hpp">
      <Filter>Header Files</Filter>
    </ClInclude>
  </ItemGroup>
</Project>